
Microsoft Visual Studio Solution File, Format Version 12.00
# Visual Studio Version 16
VisualStudioVersion = 16.0.28729.10
MinimumVisualStudioVersion = 10.0.40219.1
Project("{FAE04EC0-301F-11D3-BF4B-00C04F79EFBC}") = "DeployTest", "DeployTest\DeployTest.csproj", "{37BA0760-0C2C-4D4F-993F-94BE80CECF39}"
EndProject
Project("{FAE04EC0-301F-11D3-BF4B-00C04F79EFBC}") = "FeatureMerger", "FeatureMerger\FeatureMerger.csproj", "{37BA0760-0C2C-4D4F-993F-94BE80CECF3C}"
EndProject
Project("{FAE04EC0-301F-11D3-BF4B-00C04F79EFBC}") = "FFUTool", "FFUTool\FFUTool.csproj", "{37BA0760-0C2C-4D4F-993F-94BE80CECF3E}"
EndProject
Project("{FAE04EC0-301F-11D3-BF4B-00C04F79EFBC}") = "ImageApp", "ImageApp\ImageApp.csproj", "{37BA0760-0C2C-4D4F-993F-94BE80CECF3F}"
EndProject
Project("{FAE04EC0-301F-11D3-BF4B-00C04F79EFBC}") = "ImageSigner", "ImageSigner\ImageSigner.csproj", "{37BA0760-0C2C-4D4F-993F-94BE80CECF42}"
EndProject
Project("{FAE04EC0-301F-11D3-BF4B-00C04F79EFBC}") = "ImgDump", "ImgDump\ImgDump.csproj", "{37BA0760-0C2C-4D4F-993F-94BE80CECF45}"
EndProject
Project("{FAE04EC0-301F-11D3-BF4B-00C04F79EFBC}") = "ImgToWIM", "ImgToWIM\ImgToWIM.csproj", "{37BA0760-0C2C-4D4F-993F-94BE80CECF47}"
EndProject
Project("{FAE04EC0-301F-11D3-BF4B-00C04F79EFBC}") = "MtbfReportGenerator", "MtbfReportGenerator\MtbfReportGenerator.csproj", "{37BA0760-0C2C-4D4F-993F-94BE80CECF52}"
EndProject
Project("{FAE04EC0-301F-11D3-BF4B-00C04F79EFBC}") = "OemCustomizationTool", "OemCustomizationTool\OemCustomizationTool.csproj", "{37BA0760-0C2C-4D4F-993F-94BE80CECF54}"
EndProject
Project("{FAE04EC0-301F-11D3-BF4B-00C04F79EFBC}") = "PkgGen", "PkgGen\PkgGen.csproj", "{37BA0760-0C2C-4D4F-993F-94BE80CECF5E}"
EndProject
Project("{FAE04EC0-301F-11D3-BF4B-00C04F79EFBC}") = "PkgSignTool", "PkgSignTool\PkgSignTool.csproj", "{37BA0760-0C2C-4D4F-993F-94BE80CECF62}"
EndProject
Project("{FAE04EC0-301F-11D3-BF4B-00C04F79EFBC}") = "secwimtool", "secwimtool\secwimtool.csproj", "{37BA0760-0C2C-4D4F-993F-94BE80CECF66}"
EndProject
Project("{FAE04EC0-301F-11D3-BF4B-00C04F79EFBC}") = "SPkgGen", "SPkgGen\SPkgGen.csproj", "{37BA0760-0C2C-4D4F-993F-94BE80CECF67}"
EndProject
Project("{FAE04EC0-301F-11D3-BF4B-00C04F79EFBC}") = "UEFIUSBFnDevTester", "UEFIUSBFnDevTester\UEFIUSBFnDevTester.csproj", "{37BA0760-0C2C-4D4F-993F-94BE80CECF6A}"
EndProject
Project("{FAE04EC0-301F-11D3-BF4B-00C04F79EFBC}") = "WPImage", "WPImage\WPImage.csproj", "{37BA0760-0C2C-4D4F-993F-94BE80CECF6E}"
EndProject
Project("{FAE04EC0-301F-11D3-BF4B-00C04F79EFBC}") = "WPTCEditorV2", "WPTCEditorV2\WPTCEditorV2.csproj", "{37BA0760-0C2C-4D4F-993F-94BE80CECF6F}"
EndProject
Project("{FAE04EC0-301F-11D3-BF4B-00C04F79EFBC}") = "DeviceLayoutValidation", "DeviceLayoutValidation\DeviceLayoutValidation.csproj", "{37BA0760-0C2C-4D4F-993F-94BE80CECF3A}"
EndProject
Project("{FAE04EC0-301F-11D3-BF4B-00C04F79EFBC}") = "FeatureAPI", "FeatureAPI\FeatureAPI.csproj", "{37BA0760-0C2C-4D4F-993F-94BE80CECF3B}"
EndProject
Project("{FAE04EC0-301F-11D3-BF4B-00C04F79EFBC}") = "FFUComponents", "FFUComponents\FFUComponents.csproj", "{37BA0760-0C2C-4D4F-993F-94BE80CECF3D}"
EndProject
Project("{FAE04EC0-301F-11D3-BF4B-00C04F79EFBC}") = "ImageCommon", "ImageCommon\ImageCommon.csproj", "{37BA0760-0C2C-4D4F-993F-94BE80CECF40}"
EndProject
Project("{FAE04EC0-301F-11D3-BF4B-00C04F79EFBC}") = "ImageCustomization", "ImageCustomization\ImageCustomization.csproj", "{37BA0760-0C2C-4D4F-993F-94BE80CECF41}"
EndProject
Project("{FAE04EC0-301F-11D3-BF4B-00C04F79EFBC}") = "ImageStorageServiceManaged", "ImageStorageServiceManaged\ImageStorageServiceManaged.csproj", "{37BA0760-0C2C-4D4F-993F-94BE80CECF43}"
EndProject
Project("{FAE04EC0-301F-11D3-BF4B-00C04F79EFBC}") = "Imaging", "Imaging\Imaging.csproj", "{37BA0760-0C2C-4D4F-993F-94BE80CECF44}"
EndProject
Project("{FAE04EC0-301F-11D3-BF4B-00C04F79EFBC}") = "ImgToolsCommon", "ImgToolsCommon\ImgToolsCommon.csproj", "{37BA0760-0C2C-4D4F-993F-94BE80CECF46}"
EndProject
Project("{FAE04EC0-301F-11D3-BF4B-00C04F79EFBC}") = "InboxAppLib", "InboxAppLib\InboxAppLib.csproj", "{37BA0760-0C2C-4D4F-993F-94BE80CECF48}"
EndProject
Project("{FAE04EC0-301F-11D3-BF4B-00C04F79EFBC}") = "LOGUTILS", "LOGUTILS\LOGUTILS.csproj", "{37BA0760-0C2C-4D4F-993F-94BE80CECF49}"
EndProject
Project("{FAE04EC0-301F-11D3-BF4B-00C04F79EFBC}") = "MCSFOffline", "MCSFOffline\MCSFOffline.csproj", "{37BA0760-0C2C-4D4F-993F-94BE80CECF4A}"
EndProject
Project("{FAE04EC0-301F-11D3-BF4B-00C04F79EFBC}") = "MetadataReader", "MetadataReader\MetadataReader.csproj", "{37BA0760-0C2C-4D4F-993F-94BE80CECF4B}"
EndProject
Project("{FAE04EC0-301F-11D3-BF4B-00C04F79EFBC}") = "Microsoft.Diagnostics.Tracing.EventSource", "Microsoft.Diagnostics.Tracing.EventSource\Microsoft.Diagnostics.Tracing.EventSource.csproj", "{37BA0760-0C2C-4D4F-993F-94BE80CECF4C}"
EndProject
Project("{FAE04EC0-301F-11D3-BF4B-00C04F79EFBC}") = "Microsoft.Phone.Test.TestMetadata", "Microsoft.Phone.Test.TestMetadata\Microsoft.Phone.Test.TestMetadata.csproj", "{37BA0760-0C2C-4D4F-993F-94BE80CECF4D}"
EndProject
Project("{FAE04EC0-301F-11D3-BF4B-00C04F79EFBC}") = "Microsoft.Phone.TestInfra.Deployment", "Microsoft.Phone.TestInfra.Deployment\Microsoft.Phone.TestInfra.Deployment.csproj", "{37BA0760-0C2C-4D4F-993F-94BE80CECF4E}"
EndProject
Project("{FAE04EC0-301F-11D3-BF4B-00C04F79EFBC}") = "Microsoft.Tools.IO", "Microsoft.Tools.IO\Microsoft.Tools.IO.csproj", "{37BA0760-0C2C-4D4F-993F-94BE80CECF4F}"
EndProject
Project("{FAE04EC0-301F-11D3-BF4B-00C04F79EFBC}") = "Microsoft.WindowsPhone.Security.SecurityPolicyCompiler", "Microsoft.WindowsPhone.Security.SecurityPolicyCompiler\Microsoft.WindowsPhone.Security.SecurityPolicyCompiler.csproj", "{37BA0760-0C2C-4D4F-993F-94BE80CECF50}"
EndProject
Project("{FAE04EC0-301F-11D3-BF4B-00C04F79EFBC}") = "Microsoft.WindowsPhone.Security.SecurityPolicySchema", "Microsoft.WindowsPhone.Security.SecurityPolicySchema\Microsoft.WindowsPhone.Security.SecurityPolicySchema.csproj", "{37BA0760-0C2C-4D4F-993F-94BE80CECF51}"
EndProject
Project("{FAE04EC0-301F-11D3-BF4B-00C04F79EFBC}") = "MVOffline", "MVOffline\MVOffline.csproj", "{37BA0760-0C2C-4D4F-993F-94BE80CECF53}"
EndProject
Project("{FAE04EC0-301F-11D3-BF4B-00C04F79EFBC}") = "PkgBldr.Common", "PkgBldr.Common\PkgBldr.Common.csproj", "{37BA0760-0C2C-4D4F-993F-94BE80CECF55}"
EndProject
Project("{FAE04EC0-301F-11D3-BF4B-00C04F79EFBC}") = "PkgBldr.Plugin.CsiToCsi.Finalize", "PkgBldr.Plugin.CsiToCsi.Finalize\PkgBldr.Plugin.CsiToCsi.Finalize.csproj", "{37BA0760-0C2C-4D4F-993F-94BE80CECF56}"
EndProject
Project("{FAE04EC0-301F-11D3-BF4B-00C04F79EFBC}") = "PkgBldr.Plugin.CsiToPkg.Base", "PkgBldr.Plugin.CsiToPkg.Base\PkgBldr.Plugin.CsiToPkg.Base.csproj", "{37BA0760-0C2C-4D4F-993F-94BE80CECF57}"
EndProject
Project("{FAE04EC0-301F-11D3-BF4B-00C04F79EFBC}") = "PkgBldr.Plugin.PkgToWm.Base", "PkgBldr.Plugin.PkgToWm.Base\PkgBldr.Plugin.PkgToWm.Base.csproj", "{37BA0760-0C2C-4D4F-993F-94BE80CECF58}"
EndProject
Project("{FAE04EC0-301F-11D3-BF4B-00C04F79EFBC}") = "PkgBldr.Plugin.WmToCsi.Capabilities", "PkgBldr.Plugin.WmToCsi.Capabilities\PkgBldr.Plugin.WmToCsi.Capabilities.csproj", "{37BA0760-0C2C-4D4F-993F-94BE80CECF59}"
EndProject
Project("{FAE04EC0-301F-11D3-BF4B-00C04F79EFBC}") = "PkgBldr.Plugin.WmToCsi.Security", "PkgBldr.Plugin.WmToCsi.Security\PkgBldr.Plugin.WmToCsi.Security.csproj", "{37BA0760-0C2C-4D4F-993F-94BE80CECF5A}"
EndProject
Project("{FAE04EC0-301F-11D3-BF4B-00C04F79EFBC}") = "PkgBldr.Tools", "PkgBldr.Tools\PkgBldr.Tools.csproj", "{37BA0760-0C2C-4D4F-993F-94BE80CECF5B}"
EndProject
Project("{FAE04EC0-301F-11D3-BF4B-00C04F79EFBC}") = "PkgCommonManaged", "PkgCommonManaged\PkgCommonManaged.csproj", "{37BA0760-0C2C-4D4F-993F-94BE80CECF5C}"
EndProject
Project("{FAE04EC0-301F-11D3-BF4B-00C04F79EFBC}") = "PkgComposition", "PkgComposition\PkgComposition.csproj", "{37BA0760-0C2C-4D4F-993F-94BE80CECF5D}"
EndProject
Project("{FAE04EC0-301F-11D3-BF4B-00C04F79EFBC}") = "PkgGen.Plugin.InboxApp", "PkgGen.Plugin.InboxApp\PkgGen.Plugin.InboxApp.csproj", "{37BA0760-0C2C-4D4F-993F-94BE80CECF5F}"
EndProject
Project("{FAE04EC0-301F-11D3-BF4B-00C04F79EFBC}") = "PkgGen.Plugin.MCSF", "PkgGen.Plugin.MCSF\PkgGen.Plugin.MCSF.csproj", "{37BA0760-0C2C-4D4F-993F-94BE80CECF60}"
EndProject
Project("{FAE04EC0-301F-11D3-BF4B-00C04F79EFBC}") = "PkgGenCommon", "PkgGenCommon\PkgGenCommon.csproj", "{37BA0760-0C2C-4D4F-993F-94BE80CECF61}"
EndProject
Project("{FAE04EC0-301F-11D3-BF4B-00C04F79EFBC}") = "PkgToolBox", "PkgToolBox\PkgToolBox.csproj", "{37BA0760-0C2C-4D4F-993F-94BE80CECF63}"
EndProject
Project("{FAE04EC0-301F-11D3-BF4B-00C04F79EFBC}") = "PlatformManifest", "PlatformManifest\PlatformManifest.csproj", "{37BA0760-0C2C-4D4F-993F-94BE80CECF64}"
EndProject
Project("{FAE04EC0-301F-11D3-BF4B-00C04F79EFBC}") = "ReflectionAdds", "ReflectionAdds\ReflectionAdds.csproj", "{37BA0760-0C2C-4D4F-993F-94BE80CECF65}"
EndProject
Project("{FAE04EC0-301F-11D3-BF4B-00C04F79EFBC}") = "ToolsCommon", "ToolsCommon\ToolsCommon.csproj", "{37BA0760-0C2C-4D4F-993F-94BE80CECF68}"
EndProject
Project("{FAE04EC0-301F-11D3-BF4B-00C04F79EFBC}") = "TypeSystemMock", "TypeSystemMock\TypeSystemMock.csproj", "{37BA0760-0C2C-4D4F-993F-94BE80CECF69}"
EndProject
Project("{FAE04EC0-301F-11D3-BF4B-00C04F79EFBC}") = "USB_Test_Infrastructure", "USB_Test_Infrastructure\USB_Test_Infrastructure.csproj", "{37BA0760-0C2C-4D4F-993F-94BE80CECF6B}"
EndProject
Project("{FAE04EC0-301F-11D3-BF4B-00C04F79EFBC}") = "UtilityLibrary", "UtilityLibrary\UtilityLibrary.csproj", "{37BA0760-0C2C-4D4F-993F-94BE80CECF6C}"
EndProject
Project("{FAE04EC0-301F-11D3-BF4B-00C04F79EFBC}") = "WimInterop", "WimInterop\WimInterop.csproj", "{37BA0760-0C2C-4D4F-993F-94BE80CECF6D}"
EndProject
Global
	GlobalSection(SolutionConfigurationPlatforms) = preSolution
		Debug|Any CPU = Debug|Any CPU
		Debug|Mixed Platforms = Debug|Mixed Platforms
		Debug|x86 = Debug|x86
		Release|Any CPU = Release|Any CPU
		Release|Mixed Platforms = Release|Mixed Platforms
		Release|x86 = Release|x86
	EndGlobalSection
	GlobalSection(ProjectConfigurationPlatforms) = postSolution
		{37BA0760-0C2C-4D4F-993F-94BE80CECF39}.Debug|Any CPU.ActiveCfg = Debug|x86
		{37BA0760-0C2C-4D4F-993F-94BE80CECF39}.Debug|Any CPU.Build.0 = Debug|x86
		{37BA0760-0C2C-4D4F-993F-94BE80CECF39}.Debug|Mixed Platforms.ActiveCfg = Debug|x86
		{37BA0760-0C2C-4D4F-993F-94BE80CECF39}.Debug|Mixed Platforms.Build.0 = Debug|x86
		{37BA0760-0C2C-4D4F-993F-94BE80CECF39}.Debug|x86.ActiveCfg = Debug|x86
		{37BA0760-0C2C-4D4F-993F-94BE80CECF39}.Debug|x86.Build.0 = Debug|x86
		{37BA0760-0C2C-4D4F-993F-94BE80CECF39}.Release|Any CPU.ActiveCfg = Release|x86
		{37BA0760-0C2C-4D4F-993F-94BE80CECF39}.Release|Any CPU.Build.0 = Release|x86
		{37BA0760-0C2C-4D4F-993F-94BE80CECF39}.Release|Mixed Platforms.ActiveCfg = Release|x86
		{37BA0760-0C2C-4D4F-993F-94BE80CECF39}.Release|Mixed Platforms.Build.0 = Release|x86
		{37BA0760-0C2C-4D4F-993F-94BE80CECF39}.Release|x86.ActiveCfg = Release|x86
		{37BA0760-0C2C-4D4F-993F-94BE80CECF39}.Release|x86.Build.0 = Release|x86
		{37BA0760-0C2C-4D4F-993F-94BE80CECF3C}.Debug|Any CPU.ActiveCfg = Debug|x86
		{37BA0760-0C2C-4D4F-993F-94BE80CECF3C}.Debug|Any CPU.Build.0 = Debug|x86
		{37BA0760-0C2C-4D4F-993F-94BE80CECF3C}.Debug|Mixed Platforms.ActiveCfg = Debug|x86
		{37BA0760-0C2C-4D4F-993F-94BE80CECF3C}.Debug|Mixed Platforms.Build.0 = Debug|x86
		{37BA0760-0C2C-4D4F-993F-94BE80CECF3C}.Debug|x86.ActiveCfg = Debug|x86
		{37BA0760-0C2C-4D4F-993F-94BE80CECF3C}.Debug|x86.Build.0 = Debug|x86
		{37BA0760-0C2C-4D4F-993F-94BE80CECF3C}.Release|Any CPU.ActiveCfg = Release|x86
		{37BA0760-0C2C-4D4F-993F-94BE80CECF3C}.Release|Any CPU.Build.0 = Release|x86
		{37BA0760-0C2C-4D4F-993F-94BE80CECF3C}.Release|Mixed Platforms.ActiveCfg = Release|x86
		{37BA0760-0C2C-4D4F-993F-94BE80CECF3C}.Release|Mixed Platforms.Build.0 = Release|x86
		{37BA0760-0C2C-4D4F-993F-94BE80CECF3C}.Release|x86.ActiveCfg = Release|x86
		{37BA0760-0C2C-4D4F-993F-94BE80CECF3C}.Release|x86.Build.0 = Release|x86
		{37BA0760-0C2C-4D4F-993F-94BE80CECF3E}.Debug|Any CPU.ActiveCfg = Debug|x86
		{37BA0760-0C2C-4D4F-993F-94BE80CECF3E}.Debug|Any CPU.Build.0 = Debug|x86
		{37BA0760-0C2C-4D4F-993F-94BE80CECF3E}.Debug|Mixed Platforms.ActiveCfg = Debug|x86
		{37BA0760-0C2C-4D4F-993F-94BE80CECF3E}.Debug|Mixed Platforms.Build.0 = Debug|x86
		{37BA0760-0C2C-4D4F-993F-94BE80CECF3E}.Debug|x86.ActiveCfg = Debug|x86
		{37BA0760-0C2C-4D4F-993F-94BE80CECF3E}.Debug|x86.Build.0 = Debug|x86
		{37BA0760-0C2C-4D4F-993F-94BE80CECF3E}.Release|Any CPU.ActiveCfg = Release|x86
		{37BA0760-0C2C-4D4F-993F-94BE80CECF3E}.Release|Any CPU.Build.0 = Release|x86
		{37BA0760-0C2C-4D4F-993F-94BE80CECF3E}.Release|Mixed Platforms.ActiveCfg = Release|x86
		{37BA0760-0C2C-4D4F-993F-94BE80CECF3E}.Release|Mixed Platforms.Build.0 = Release|x86
		{37BA0760-0C2C-4D4F-993F-94BE80CECF3E}.Release|x86.ActiveCfg = Release|x86
		{37BA0760-0C2C-4D4F-993F-94BE80CECF3E}.Release|x86.Build.0 = Release|x86
		{37BA0760-0C2C-4D4F-993F-94BE80CECF3F}.Debug|Any CPU.ActiveCfg = Debug|x86
		{37BA0760-0C2C-4D4F-993F-94BE80CECF3F}.Debug|Any CPU.Build.0 = Debug|x86
		{37BA0760-0C2C-4D4F-993F-94BE80CECF3F}.Debug|Mixed Platforms.ActiveCfg = Debug|x86
		{37BA0760-0C2C-4D4F-993F-94BE80CECF3F}.Debug|Mixed Platforms.Build.0 = Debug|x86
		{37BA0760-0C2C-4D4F-993F-94BE80CECF3F}.Debug|x86.ActiveCfg = Debug|x86
		{37BA0760-0C2C-4D4F-993F-94BE80CECF3F}.Debug|x86.Build.0 = Debug|x86
		{37BA0760-0C2C-4D4F-993F-94BE80CECF3F}.Release|Any CPU.ActiveCfg = Release|x86
		{37BA0760-0C2C-4D4F-993F-94BE80CECF3F}.Release|Any CPU.Build.0 = Release|x86
		{37BA0760-0C2C-4D4F-993F-94BE80CECF3F}.Release|Mixed Platforms.ActiveCfg = Release|x86
		{37BA0760-0C2C-4D4F-993F-94BE80CECF3F}.Release|Mixed Platforms.Build.0 = Release|x86
		{37BA0760-0C2C-4D4F-993F-94BE80CECF3F}.Release|x86.ActiveCfg = Release|x86
		{37BA0760-0C2C-4D4F-993F-94BE80CECF3F}.Release|x86.Build.0 = Release|x86
		{37BA0760-0C2C-4D4F-993F-94BE80CECF42}.Debug|Any CPU.ActiveCfg = Debug|x86
		{37BA0760-0C2C-4D4F-993F-94BE80CECF42}.Debug|Any CPU.Build.0 = Debug|x86
		{37BA0760-0C2C-4D4F-993F-94BE80CECF42}.Debug|Mixed Platforms.ActiveCfg = Debug|x86
		{37BA0760-0C2C-4D4F-993F-94BE80CECF42}.Debug|Mixed Platforms.Build.0 = Debug|x86
		{37BA0760-0C2C-4D4F-993F-94BE80CECF42}.Debug|x86.ActiveCfg = Debug|x86
		{37BA0760-0C2C-4D4F-993F-94BE80CECF42}.Debug|x86.Build.0 = Debug|x86
		{37BA0760-0C2C-4D4F-993F-94BE80CECF42}.Release|Any CPU.ActiveCfg = Release|x86
		{37BA0760-0C2C-4D4F-993F-94BE80CECF42}.Release|Any CPU.Build.0 = Release|x86
		{37BA0760-0C2C-4D4F-993F-94BE80CECF42}.Release|Mixed Platforms.ActiveCfg = Release|x86
		{37BA0760-0C2C-4D4F-993F-94BE80CECF42}.Release|Mixed Platforms.Build.0 = Release|x86
		{37BA0760-0C2C-4D4F-993F-94BE80CECF42}.Release|x86.ActiveCfg = Release|x86
		{37BA0760-0C2C-4D4F-993F-94BE80CECF42}.Release|x86.Build.0 = Release|x86
		{37BA0760-0C2C-4D4F-993F-94BE80CECF45}.Debug|Any CPU.ActiveCfg = Debug|x86
		{37BA0760-0C2C-4D4F-993F-94BE80CECF45}.Debug|Any CPU.Build.0 = Debug|x86
		{37BA0760-0C2C-4D4F-993F-94BE80CECF45}.Debug|Mixed Platforms.ActiveCfg = Debug|x86
		{37BA0760-0C2C-4D4F-993F-94BE80CECF45}.Debug|Mixed Platforms.Build.0 = Debug|x86
		{37BA0760-0C2C-4D4F-993F-94BE80CECF45}.Debug|x86.ActiveCfg = Debug|x86
		{37BA0760-0C2C-4D4F-993F-94BE80CECF45}.Debug|x86.Build.0 = Debug|x86
		{37BA0760-0C2C-4D4F-993F-94BE80CECF45}.Release|Any CPU.ActiveCfg = Release|x86
		{37BA0760-0C2C-4D4F-993F-94BE80CECF45}.Release|Any CPU.Build.0 = Release|x86
		{37BA0760-0C2C-4D4F-993F-94BE80CECF45}.Release|Mixed Platforms.ActiveCfg = Release|x86
		{37BA0760-0C2C-4D4F-993F-94BE80CECF45}.Release|Mixed Platforms.Build.0 = Release|x86
		{37BA0760-0C2C-4D4F-993F-94BE80CECF45}.Release|x86.ActiveCfg = Release|x86
		{37BA0760-0C2C-4D4F-993F-94BE80CECF45}.Release|x86.Build.0 = Release|x86
		{37BA0760-0C2C-4D4F-993F-94BE80CECF47}.Debug|Any CPU.ActiveCfg = Debug|x86
		{37BA0760-0C2C-4D4F-993F-94BE80CECF47}.Debug|Any CPU.Build.0 = Debug|x86
		{37BA0760-0C2C-4D4F-993F-94BE80CECF47}.Debug|Mixed Platforms.ActiveCfg = Debug|x86
		{37BA0760-0C2C-4D4F-993F-94BE80CECF47}.Debug|Mixed Platforms.Build.0 = Debug|x86
		{37BA0760-0C2C-4D4F-993F-94BE80CECF47}.Debug|x86.ActiveCfg = Debug|x86
		{37BA0760-0C2C-4D4F-993F-94BE80CECF47}.Debug|x86.Build.0 = Debug|x86
		{37BA0760-0C2C-4D4F-993F-94BE80CECF47}.Release|Any CPU.ActiveCfg = Release|x86
		{37BA0760-0C2C-4D4F-993F-94BE80CECF47}.Release|Any CPU.Build.0 = Release|x86
		{37BA0760-0C2C-4D4F-993F-94BE80CECF47}.Release|Mixed Platforms.ActiveCfg = Release|x86
		{37BA0760-0C2C-4D4F-993F-94BE80CECF47}.Release|Mixed Platforms.Build.0 = Release|x86
		{37BA0760-0C2C-4D4F-993F-94BE80CECF47}.Release|x86.ActiveCfg = Release|x86
		{37BA0760-0C2C-4D4F-993F-94BE80CECF47}.Release|x86.Build.0 = Release|x86
		{37BA0760-0C2C-4D4F-993F-94BE80CECF52}.Debug|Any CPU.ActiveCfg = Debug|x86
		{37BA0760-0C2C-4D4F-993F-94BE80CECF52}.Debug|Any CPU.Build.0 = Debug|x86
		{37BA0760-0C2C-4D4F-993F-94BE80CECF52}.Debug|Mixed Platforms.ActiveCfg = Debug|x86
		{37BA0760-0C2C-4D4F-993F-94BE80CECF52}.Debug|Mixed Platforms.Build.0 = Debug|x86
		{37BA0760-0C2C-4D4F-993F-94BE80CECF52}.Debug|x86.ActiveCfg = Debug|x86
		{37BA0760-0C2C-4D4F-993F-94BE80CECF52}.Debug|x86.Build.0 = Debug|x86
		{37BA0760-0C2C-4D4F-993F-94BE80CECF52}.Release|Any CPU.ActiveCfg = Release|x86
		{37BA0760-0C2C-4D4F-993F-94BE80CECF52}.Release|Any CPU.Build.0 = Release|x86
		{37BA0760-0C2C-4D4F-993F-94BE80CECF52}.Release|Mixed Platforms.ActiveCfg = Release|x86
		{37BA0760-0C2C-4D4F-993F-94BE80CECF52}.Release|Mixed Platforms.Build.0 = Release|x86
		{37BA0760-0C2C-4D4F-993F-94BE80CECF52}.Release|x86.ActiveCfg = Release|x86
		{37BA0760-0C2C-4D4F-993F-94BE80CECF52}.Release|x86.Build.0 = Release|x86
		{37BA0760-0C2C-4D4F-993F-94BE80CECF54}.Debug|Any CPU.ActiveCfg = Debug|x86
		{37BA0760-0C2C-4D4F-993F-94BE80CECF54}.Debug|Any CPU.Build.0 = Debug|x86
		{37BA0760-0C2C-4D4F-993F-94BE80CECF54}.Debug|Mixed Platforms.ActiveCfg = Debug|x86
		{37BA0760-0C2C-4D4F-993F-94BE80CECF54}.Debug|Mixed Platforms.Build.0 = Debug|x86
		{37BA0760-0C2C-4D4F-993F-94BE80CECF54}.Debug|x86.ActiveCfg = Debug|x86
		{37BA0760-0C2C-4D4F-993F-94BE80CECF54}.Debug|x86.Build.0 = Debug|x86
		{37BA0760-0C2C-4D4F-993F-94BE80CECF54}.Release|Any CPU.ActiveCfg = Release|x86
		{37BA0760-0C2C-4D4F-993F-94BE80CECF54}.Release|Any CPU.Build.0 = Release|x86
		{37BA0760-0C2C-4D4F-993F-94BE80CECF54}.Release|Mixed Platforms.ActiveCfg = Release|x86
		{37BA0760-0C2C-4D4F-993F-94BE80CECF54}.Release|Mixed Platforms.Build.0 = Release|x86
		{37BA0760-0C2C-4D4F-993F-94BE80CECF54}.Release|x86.ActiveCfg = Release|x86
		{37BA0760-0C2C-4D4F-993F-94BE80CECF54}.Release|x86.Build.0 = Release|x86
		{37BA0760-0C2C-4D4F-993F-94BE80CECF5E}.Debug|Any CPU.ActiveCfg = Debug|x86
		{37BA0760-0C2C-4D4F-993F-94BE80CECF5E}.Debug|Any CPU.Build.0 = Debug|x86
		{37BA0760-0C2C-4D4F-993F-94BE80CECF5E}.Debug|Mixed Platforms.ActiveCfg = Debug|x86
		{37BA0760-0C2C-4D4F-993F-94BE80CECF5E}.Debug|Mixed Platforms.Build.0 = Debug|x86
		{37BA0760-0C2C-4D4F-993F-94BE80CECF5E}.Debug|x86.ActiveCfg = Debug|x86
		{37BA0760-0C2C-4D4F-993F-94BE80CECF5E}.Debug|x86.Build.0 = Debug|x86
		{37BA0760-0C2C-4D4F-993F-94BE80CECF5E}.Release|Any CPU.ActiveCfg = Release|x86
		{37BA0760-0C2C-4D4F-993F-94BE80CECF5E}.Release|Any CPU.Build.0 = Release|x86
		{37BA0760-0C2C-4D4F-993F-94BE80CECF5E}.Release|Mixed Platforms.ActiveCfg = Release|x86
		{37BA0760-0C2C-4D4F-993F-94BE80CECF5E}.Release|Mixed Platforms.Build.0 = Release|x86
		{37BA0760-0C2C-4D4F-993F-94BE80CECF5E}.Release|x86.ActiveCfg = Release|x86
		{37BA0760-0C2C-4D4F-993F-94BE80CECF5E}.Release|x86.Build.0 = Release|x86
		{37BA0760-0C2C-4D4F-993F-94BE80CECF62}.Debug|Any CPU.ActiveCfg = Debug|x86
		{37BA0760-0C2C-4D4F-993F-94BE80CECF62}.Debug|Any CPU.Build.0 = Debug|x86
		{37BA0760-0C2C-4D4F-993F-94BE80CECF62}.Debug|Mixed Platforms.ActiveCfg = Debug|x86
		{37BA0760-0C2C-4D4F-993F-94BE80CECF62}.Debug|Mixed Platforms.Build.0 = Debug|x86
		{37BA0760-0C2C-4D4F-993F-94BE80CECF62}.Debug|x86.ActiveCfg = Debug|x86
		{37BA0760-0C2C-4D4F-993F-94BE80CECF62}.Debug|x86.Build.0 = Debug|x86
		{37BA0760-0C2C-4D4F-993F-94BE80CECF62}.Release|Any CPU.ActiveCfg = Release|x86
		{37BA0760-0C2C-4D4F-993F-94BE80CECF62}.Release|Any CPU.Build.0 = Release|x86
		{37BA0760-0C2C-4D4F-993F-94BE80CECF62}.Release|Mixed Platforms.ActiveCfg = Release|x86
		{37BA0760-0C2C-4D4F-993F-94BE80CECF62}.Release|Mixed Platforms.Build.0 = Release|x86
		{37BA0760-0C2C-4D4F-993F-94BE80CECF62}.Release|x86.ActiveCfg = Release|x86
		{37BA0760-0C2C-4D4F-993F-94BE80CECF62}.Release|x86.Build.0 = Release|x86
		{37BA0760-0C2C-4D4F-993F-94BE80CECF66}.Debug|Any CPU.ActiveCfg = Debug|x86
		{37BA0760-0C2C-4D4F-993F-94BE80CECF66}.Debug|Any CPU.Build.0 = Debug|x86
		{37BA0760-0C2C-4D4F-993F-94BE80CECF66}.Debug|Mixed Platforms.ActiveCfg = Debug|x86
		{37BA0760-0C2C-4D4F-993F-94BE80CECF66}.Debug|Mixed Platforms.Build.0 = Debug|x86
		{37BA0760-0C2C-4D4F-993F-94BE80CECF66}.Debug|x86.ActiveCfg = Debug|x86
		{37BA0760-0C2C-4D4F-993F-94BE80CECF66}.Debug|x86.Build.0 = Debug|x86
		{37BA0760-0C2C-4D4F-993F-94BE80CECF66}.Release|Any CPU.ActiveCfg = Release|x86
		{37BA0760-0C2C-4D4F-993F-94BE80CECF66}.Release|Any CPU.Build.0 = Release|x86
		{37BA0760-0C2C-4D4F-993F-94BE80CECF66}.Release|Mixed Platforms.ActiveCfg = Release|x86
		{37BA0760-0C2C-4D4F-993F-94BE80CECF66}.Release|Mixed Platforms.Build.0 = Release|x86
		{37BA0760-0C2C-4D4F-993F-94BE80CECF66}.Release|x86.ActiveCfg = Release|x86
		{37BA0760-0C2C-4D4F-993F-94BE80CECF66}.Release|x86.Build.0 = Release|x86
		{37BA0760-0C2C-4D4F-993F-94BE80CECF67}.Debug|Any CPU.ActiveCfg = Debug|x86
		{37BA0760-0C2C-4D4F-993F-94BE80CECF67}.Debug|Any CPU.Build.0 = Debug|x86
		{37BA0760-0C2C-4D4F-993F-94BE80CECF67}.Debug|Mixed Platforms.ActiveCfg = Debug|x86
		{37BA0760-0C2C-4D4F-993F-94BE80CECF67}.Debug|Mixed Platforms.Build.0 = Debug|x86
		{37BA0760-0C2C-4D4F-993F-94BE80CECF67}.Debug|x86.ActiveCfg = Debug|x86
		{37BA0760-0C2C-4D4F-993F-94BE80CECF67}.Debug|x86.Build.0 = Debug|x86
		{37BA0760-0C2C-4D4F-993F-94BE80CECF67}.Release|Any CPU.ActiveCfg = Release|x86
		{37BA0760-0C2C-4D4F-993F-94BE80CECF67}.Release|Any CPU.Build.0 = Release|x86
		{37BA0760-0C2C-4D4F-993F-94BE80CECF67}.Release|Mixed Platforms.ActiveCfg = Release|x86
		{37BA0760-0C2C-4D4F-993F-94BE80CECF67}.Release|Mixed Platforms.Build.0 = Release|x86
		{37BA0760-0C2C-4D4F-993F-94BE80CECF67}.Release|x86.ActiveCfg = Release|x86
		{37BA0760-0C2C-4D4F-993F-94BE80CECF67}.Release|x86.Build.0 = Release|x86
		{37BA0760-0C2C-4D4F-993F-94BE80CECF6A}.Debug|Any CPU.ActiveCfg = Debug|x86
		{37BA0760-0C2C-4D4F-993F-94BE80CECF6A}.Debug|Any CPU.Build.0 = Debug|x86
		{37BA0760-0C2C-4D4F-993F-94BE80CECF6A}.Debug|Mixed Platforms.ActiveCfg = Debug|x86
		{37BA0760-0C2C-4D4F-993F-94BE80CECF6A}.Debug|Mixed Platforms.Build.0 = Debug|x86
		{37BA0760-0C2C-4D4F-993F-94BE80CECF6A}.Debug|x86.ActiveCfg = Debug|x86
		{37BA0760-0C2C-4D4F-993F-94BE80CECF6A}.Debug|x86.Build.0 = Debug|x86
		{37BA0760-0C2C-4D4F-993F-94BE80CECF6A}.Release|Any CPU.ActiveCfg = Release|x86
		{37BA0760-0C2C-4D4F-993F-94BE80CECF6A}.Release|Any CPU.Build.0 = Release|x86
		{37BA0760-0C2C-4D4F-993F-94BE80CECF6A}.Release|Mixed Platforms.ActiveCfg = Release|x86
		{37BA0760-0C2C-4D4F-993F-94BE80CECF6A}.Release|Mixed Platforms.Build.0 = Release|x86
		{37BA0760-0C2C-4D4F-993F-94BE80CECF6A}.Release|x86.ActiveCfg = Release|x86
		{37BA0760-0C2C-4D4F-993F-94BE80CECF6A}.Release|x86.Build.0 = Release|x86
		{37BA0760-0C2C-4D4F-993F-94BE80CECF6E}.Debug|Any CPU.ActiveCfg = Debug|x86
		{37BA0760-0C2C-4D4F-993F-94BE80CECF6E}.Debug|Any CPU.Build.0 = Debug|x86
		{37BA0760-0C2C-4D4F-993F-94BE80CECF6E}.Debug|Mixed Platforms.ActiveCfg = Debug|x86
		{37BA0760-0C2C-4D4F-993F-94BE80CECF6E}.Debug|Mixed Platforms.Build.0 = Debug|x86
		{37BA0760-0C2C-4D4F-993F-94BE80CECF6E}.Debug|x86.ActiveCfg = Debug|x86
		{37BA0760-0C2C-4D4F-993F-94BE80CECF6E}.Debug|x86.Build.0 = Debug|x86
		{37BA0760-0C2C-4D4F-993F-94BE80CECF6E}.Release|Any CPU.ActiveCfg = Release|x86
		{37BA0760-0C2C-4D4F-993F-94BE80CECF6E}.Release|Any CPU.Build.0 = Release|x86
		{37BA0760-0C2C-4D4F-993F-94BE80CECF6E}.Release|Mixed Platforms.ActiveCfg = Release|x86
		{37BA0760-0C2C-4D4F-993F-94BE80CECF6E}.Release|Mixed Platforms.Build.0 = Release|x86
		{37BA0760-0C2C-4D4F-993F-94BE80CECF6E}.Release|x86.ActiveCfg = Release|x86
		{37BA0760-0C2C-4D4F-993F-94BE80CECF6E}.Release|x86.Build.0 = Release|x86
		{37BA0760-0C2C-4D4F-993F-94BE80CECF6F}.Debug|Any CPU.ActiveCfg = Debug|x86
		{37BA0760-0C2C-4D4F-993F-94BE80CECF6F}.Debug|Any CPU.Build.0 = Debug|x86
		{37BA0760-0C2C-4D4F-993F-94BE80CECF6F}.Debug|Mixed Platforms.ActiveCfg = Debug|x86
		{37BA0760-0C2C-4D4F-993F-94BE80CECF6F}.Debug|Mixed Platforms.Build.0 = Debug|x86
		{37BA0760-0C2C-4D4F-993F-94BE80CECF6F}.Debug|x86.ActiveCfg = Debug|x86
		{37BA0760-0C2C-4D4F-993F-94BE80CECF6F}.Debug|x86.Build.0 = Debug|x86
		{37BA0760-0C2C-4D4F-993F-94BE80CECF6F}.Release|Any CPU.ActiveCfg = Release|x86
		{37BA0760-0C2C-4D4F-993F-94BE80CECF6F}.Release|Any CPU.Build.0 = Release|x86
		{37BA0760-0C2C-4D4F-993F-94BE80CECF6F}.Release|Mixed Platforms.ActiveCfg = Release|x86
		{37BA0760-0C2C-4D4F-993F-94BE80CECF6F}.Release|Mixed Platforms.Build.0 = Release|x86
		{37BA0760-0C2C-4D4F-993F-94BE80CECF6F}.Release|x86.ActiveCfg = Release|x86
		{37BA0760-0C2C-4D4F-993F-94BE80CECF6F}.Release|x86.Build.0 = Release|x86
		{37BA0760-0C2C-4D4F-993F-94BE80CECF3A}.Debug|Any CPU.ActiveCfg = Debug|x86
		{37BA0760-0C2C-4D4F-993F-94BE80CECF3A}.Debug|Any CPU.Build.0 = Debug|x86
		{37BA0760-0C2C-4D4F-993F-94BE80CECF3A}.Debug|Mixed Platforms.ActiveCfg = Debug|x86
		{37BA0760-0C2C-4D4F-993F-94BE80CECF3A}.Debug|Mixed Platforms.Build.0 = Debug|x86
		{37BA0760-0C2C-4D4F-993F-94BE80CECF3A}.Debug|x86.ActiveCfg = Debug|x86
		{37BA0760-0C2C-4D4F-993F-94BE80CECF3A}.Debug|x86.Build.0 = Debug|x86
		{37BA0760-0C2C-4D4F-993F-94BE80CECF3A}.Release|Any CPU.ActiveCfg = Release|x86
		{37BA0760-0C2C-4D4F-993F-94BE80CECF3A}.Release|Any CPU.Build.0 = Release|x86
		{37BA0760-0C2C-4D4F-993F-94BE80CECF3A}.Release|Mixed Platforms.ActiveCfg = Release|x86
		{37BA0760-0C2C-4D4F-993F-94BE80CECF3A}.Release|Mixed Platforms.Build.0 = Release|x86
		{37BA0760-0C2C-4D4F-993F-94BE80CECF3A}.Release|x86.ActiveCfg = Release|x86
		{37BA0760-0C2C-4D4F-993F-94BE80CECF3A}.Release|x86.Build.0 = Release|x86
		{37BA0760-0C2C-4D4F-993F-94BE80CECF3B}.Debug|Any CPU.ActiveCfg = Debug|x86
		{37BA0760-0C2C-4D4F-993F-94BE80CECF3B}.Debug|Any CPU.Build.0 = Debug|x86
		{37BA0760-0C2C-4D4F-993F-94BE80CECF3B}.Debug|Mixed Platforms.ActiveCfg = Debug|x86
		{37BA0760-0C2C-4D4F-993F-94BE80CECF3B}.Debug|Mixed Platforms.Build.0 = Debug|x86
		{37BA0760-0C2C-4D4F-993F-94BE80CECF3B}.Debug|x86.ActiveCfg = Debug|x86
		{37BA0760-0C2C-4D4F-993F-94BE80CECF3B}.Debug|x86.Build.0 = Debug|x86
		{37BA0760-0C2C-4D4F-993F-94BE80CECF3B}.Release|Any CPU.ActiveCfg = Release|x86
		{37BA0760-0C2C-4D4F-993F-94BE80CECF3B}.Release|Any CPU.Build.0 = Release|x86
		{37BA0760-0C2C-4D4F-993F-94BE80CECF3B}.Release|Mixed Platforms.ActiveCfg = Release|x86
		{37BA0760-0C2C-4D4F-993F-94BE80CECF3B}.Release|Mixed Platforms.Build.0 = Release|x86
		{37BA0760-0C2C-4D4F-993F-94BE80CECF3B}.Release|x86.ActiveCfg = Release|x86
		{37BA0760-0C2C-4D4F-993F-94BE80CECF3B}.Release|x86.Build.0 = Release|x86
		{37BA0760-0C2C-4D4F-993F-94BE80CECF3D}.Debug|Any CPU.ActiveCfg = Debug|x86
		{37BA0760-0C2C-4D4F-993F-94BE80CECF3D}.Debug|Any CPU.Build.0 = Debug|x86
		{37BA0760-0C2C-4D4F-993F-94BE80CECF3D}.Debug|Mixed Platforms.ActiveCfg = Debug|x86
		{37BA0760-0C2C-4D4F-993F-94BE80CECF3D}.Debug|Mixed Platforms.Build.0 = Debug|x86
		{37BA0760-0C2C-4D4F-993F-94BE80CECF3D}.Debug|x86.ActiveCfg = Debug|x86
		{37BA0760-0C2C-4D4F-993F-94BE80CECF3D}.Debug|x86.Build.0 = Debug|x86
		{37BA0760-0C2C-4D4F-993F-94BE80CECF3D}.Release|Any CPU.ActiveCfg = Release|x86
		{37BA0760-0C2C-4D4F-993F-94BE80CECF3D}.Release|Any CPU.Build.0 = Release|x86
		{37BA0760-0C2C-4D4F-993F-94BE80CECF3D}.Release|Mixed Platforms.ActiveCfg = Release|x86
		{37BA0760-0C2C-4D4F-993F-94BE80CECF3D}.Release|Mixed Platforms.Build.0 = Release|x86
		{37BA0760-0C2C-4D4F-993F-94BE80CECF3D}.Release|x86.ActiveCfg = Release|x86
		{37BA0760-0C2C-4D4F-993F-94BE80CECF3D}.Release|x86.Build.0 = Release|x86
		{37BA0760-0C2C-4D4F-993F-94BE80CECF40}.Debug|Any CPU.ActiveCfg = Debug|x86
		{37BA0760-0C2C-4D4F-993F-94BE80CECF40}.Debug|Any CPU.Build.0 = Debug|x86
		{37BA0760-0C2C-4D4F-993F-94BE80CECF40}.Debug|Mixed Platforms.ActiveCfg = Debug|x86
		{37BA0760-0C2C-4D4F-993F-94BE80CECF40}.Debug|Mixed Platforms.Build.0 = Debug|x86
		{37BA0760-0C2C-4D4F-993F-94BE80CECF40}.Debug|x86.ActiveCfg = Debug|x86
		{37BA0760-0C2C-4D4F-993F-94BE80CECF40}.Debug|x86.Build.0 = Debug|x86
		{37BA0760-0C2C-4D4F-993F-94BE80CECF40}.Release|Any CPU.ActiveCfg = Release|x86
		{37BA0760-0C2C-4D4F-993F-94BE80CECF40}.Release|Any CPU.Build.0 = Release|x86
		{37BA0760-0C2C-4D4F-993F-94BE80CECF40}.Release|Mixed Platforms.ActiveCfg = Release|x86
		{37BA0760-0C2C-4D4F-993F-94BE80CECF40}.Release|Mixed Platforms.Build.0 = Release|x86
		{37BA0760-0C2C-4D4F-993F-94BE80CECF40}.Release|x86.ActiveCfg = Release|x86
		{37BA0760-0C2C-4D4F-993F-94BE80CECF40}.Release|x86.Build.0 = Release|x86
		{37BA0760-0C2C-4D4F-993F-94BE80CECF41}.Debug|Any CPU.ActiveCfg = Debug|x86
		{37BA0760-0C2C-4D4F-993F-94BE80CECF41}.Debug|Any CPU.Build.0 = Debug|x86
		{37BA0760-0C2C-4D4F-993F-94BE80CECF41}.Debug|Mixed Platforms.ActiveCfg = Debug|x86
		{37BA0760-0C2C-4D4F-993F-94BE80CECF41}.Debug|Mixed Platforms.Build.0 = Debug|x86
		{37BA0760-0C2C-4D4F-993F-94BE80CECF41}.Debug|x86.ActiveCfg = Debug|x86
		{37BA0760-0C2C-4D4F-993F-94BE80CECF41}.Debug|x86.Build.0 = Debug|x86
		{37BA0760-0C2C-4D4F-993F-94BE80CECF41}.Release|Any CPU.ActiveCfg = Release|x86
		{37BA0760-0C2C-4D4F-993F-94BE80CECF41}.Release|Any CPU.Build.0 = Release|x86
		{37BA0760-0C2C-4D4F-993F-94BE80CECF41}.Release|Mixed Platforms.ActiveCfg = Release|x86
		{37BA0760-0C2C-4D4F-993F-94BE80CECF41}.Release|Mixed Platforms.Build.0 = Release|x86
		{37BA0760-0C2C-4D4F-993F-94BE80CECF41}.Release|x86.ActiveCfg = Release|x86
		{37BA0760-0C2C-4D4F-993F-94BE80CECF41}.Release|x86.Build.0 = Release|x86
		{37BA0760-0C2C-4D4F-993F-94BE80CECF43}.Debug|Any CPU.ActiveCfg = Debug|x86
		{37BA0760-0C2C-4D4F-993F-94BE80CECF43}.Debug|Any CPU.Build.0 = Debug|x86
		{37BA0760-0C2C-4D4F-993F-94BE80CECF43}.Debug|Mixed Platforms.ActiveCfg = Debug|x86
		{37BA0760-0C2C-4D4F-993F-94BE80CECF43}.Debug|Mixed Platforms.Build.0 = Debug|x86
		{37BA0760-0C2C-4D4F-993F-94BE80CECF43}.Debug|x86.ActiveCfg = Debug|x86
		{37BA0760-0C2C-4D4F-993F-94BE80CECF43}.Debug|x86.Build.0 = Debug|x86
		{37BA0760-0C2C-4D4F-993F-94BE80CECF43}.Release|Any CPU.ActiveCfg = Release|x86
		{37BA0760-0C2C-4D4F-993F-94BE80CECF43}.Release|Any CPU.Build.0 = Release|x86
		{37BA0760-0C2C-4D4F-993F-94BE80CECF43}.Release|Mixed Platforms.ActiveCfg = Release|x86
		{37BA0760-0C2C-4D4F-993F-94BE80CECF43}.Release|Mixed Platforms.Build.0 = Release|x86
		{37BA0760-0C2C-4D4F-993F-94BE80CECF43}.Release|x86.ActiveCfg = Release|x86
		{37BA0760-0C2C-4D4F-993F-94BE80CECF43}.Release|x86.Build.0 = Release|x86
		{37BA0760-0C2C-4D4F-993F-94BE80CECF44}.Debug|Any CPU.ActiveCfg = Debug|x86
		{37BA0760-0C2C-4D4F-993F-94BE80CECF44}.Debug|Any CPU.Build.0 = Debug|x86
		{37BA0760-0C2C-4D4F-993F-94BE80CECF44}.Debug|Mixed Platforms.ActiveCfg = Debug|x86
		{37BA0760-0C2C-4D4F-993F-94BE80CECF44}.Debug|Mixed Platforms.Build.0 = Debug|x86
		{37BA0760-0C2C-4D4F-993F-94BE80CECF44}.Debug|x86.ActiveCfg = Debug|x86
		{37BA0760-0C2C-4D4F-993F-94BE80CECF44}.Debug|x86.Build.0 = Debug|x86
		{37BA0760-0C2C-4D4F-993F-94BE80CECF44}.Release|Any CPU.ActiveCfg = Release|x86
		{37BA0760-0C2C-4D4F-993F-94BE80CECF44}.Release|Any CPU.Build.0 = Release|x86
		{37BA0760-0C2C-4D4F-993F-94BE80CECF44}.Release|Mixed Platforms.ActiveCfg = Release|x86
		{37BA0760-0C2C-4D4F-993F-94BE80CECF44}.Release|Mixed Platforms.Build.0 = Release|x86
		{37BA0760-0C2C-4D4F-993F-94BE80CECF44}.Release|x86.ActiveCfg = Release|x86
		{37BA0760-0C2C-4D4F-993F-94BE80CECF44}.Release|x86.Build.0 = Release|x86
		{37BA0760-0C2C-4D4F-993F-94BE80CECF46}.Debug|Any CPU.ActiveCfg = Debug|x86
		{37BA0760-0C2C-4D4F-993F-94BE80CECF46}.Debug|Any CPU.Build.0 = Debug|x86
		{37BA0760-0C2C-4D4F-993F-94BE80CECF46}.Debug|Mixed Platforms.ActiveCfg = Debug|x86
		{37BA0760-0C2C-4D4F-993F-94BE80CECF46}.Debug|Mixed Platforms.Build.0 = Debug|x86
		{37BA0760-0C2C-4D4F-993F-94BE80CECF46}.Debug|x86.ActiveCfg = Debug|x86
		{37BA0760-0C2C-4D4F-993F-94BE80CECF46}.Debug|x86.Build.0 = Debug|x86
		{37BA0760-0C2C-4D4F-993F-94BE80CECF46}.Release|Any CPU.ActiveCfg = Release|x86
		{37BA0760-0C2C-4D4F-993F-94BE80CECF46}.Release|Any CPU.Build.0 = Release|x86
		{37BA0760-0C2C-4D4F-993F-94BE80CECF46}.Release|Mixed Platforms.ActiveCfg = Release|x86
		{37BA0760-0C2C-4D4F-993F-94BE80CECF46}.Release|Mixed Platforms.Build.0 = Release|x86
		{37BA0760-0C2C-4D4F-993F-94BE80CECF46}.Release|x86.ActiveCfg = Release|x86
		{37BA0760-0C2C-4D4F-993F-94BE80CECF46}.Release|x86.Build.0 = Release|x86
		{37BA0760-0C2C-4D4F-993F-94BE80CECF48}.Debug|Any CPU.ActiveCfg = Debug|x86
		{37BA0760-0C2C-4D4F-993F-94BE80CECF48}.Debug|Any CPU.Build.0 = Debug|x86
		{37BA0760-0C2C-4D4F-993F-94BE80CECF48}.Debug|Mixed Platforms.ActiveCfg = Debug|x86
		{37BA0760-0C2C-4D4F-993F-94BE80CECF48}.Debug|Mixed Platforms.Build.0 = Debug|x86
		{37BA0760-0C2C-4D4F-993F-94BE80CECF48}.Debug|x86.ActiveCfg = Debug|x86
		{37BA0760-0C2C-4D4F-993F-94BE80CECF48}.Debug|x86.Build.0 = Debug|x86
		{37BA0760-0C2C-4D4F-993F-94BE80CECF48}.Release|Any CPU.ActiveCfg = Release|x86
		{37BA0760-0C2C-4D4F-993F-94BE80CECF48}.Release|Any CPU.Build.0 = Release|x86
		{37BA0760-0C2C-4D4F-993F-94BE80CECF48}.Release|Mixed Platforms.ActiveCfg = Release|x86
		{37BA0760-0C2C-4D4F-993F-94BE80CECF48}.Release|Mixed Platforms.Build.0 = Release|x86
		{37BA0760-0C2C-4D4F-993F-94BE80CECF48}.Release|x86.ActiveCfg = Release|x86
		{37BA0760-0C2C-4D4F-993F-94BE80CECF48}.Release|x86.Build.0 = Release|x86
		{37BA0760-0C2C-4D4F-993F-94BE80CECF49}.Debug|Any CPU.ActiveCfg = Debug|x86
		{37BA0760-0C2C-4D4F-993F-94BE80CECF49}.Debug|Any CPU.Build.0 = Debug|x86
		{37BA0760-0C2C-4D4F-993F-94BE80CECF49}.Debug|Mixed Platforms.ActiveCfg = Debug|x86
		{37BA0760-0C2C-4D4F-993F-94BE80CECF49}.Debug|Mixed Platforms.Build.0 = Debug|x86
		{37BA0760-0C2C-4D4F-993F-94BE80CECF49}.Debug|x86.ActiveCfg = Debug|x86
		{37BA0760-0C2C-4D4F-993F-94BE80CECF49}.Debug|x86.Build.0 = Debug|x86
		{37BA0760-0C2C-4D4F-993F-94BE80CECF49}.Release|Any CPU.ActiveCfg = Release|x86
		{37BA0760-0C2C-4D4F-993F-94BE80CECF49}.Release|Any CPU.Build.0 = Release|x86
		{37BA0760-0C2C-4D4F-993F-94BE80CECF49}.Release|Mixed Platforms.ActiveCfg = Release|x86
		{37BA0760-0C2C-4D4F-993F-94BE80CECF49}.Release|Mixed Platforms.Build.0 = Release|x86
		{37BA0760-0C2C-4D4F-993F-94BE80CECF49}.Release|x86.ActiveCfg = Release|x86
		{37BA0760-0C2C-4D4F-993F-94BE80CECF49}.Release|x86.Build.0 = Release|x86
		{37BA0760-0C2C-4D4F-993F-94BE80CECF4A}.Debug|Any CPU.ActiveCfg = Debug|x86
		{37BA0760-0C2C-4D4F-993F-94BE80CECF4A}.Debug|Any CPU.Build.0 = Debug|x86
		{37BA0760-0C2C-4D4F-993F-94BE80CECF4A}.Debug|Mixed Platforms.ActiveCfg = Debug|x86
		{37BA0760-0C2C-4D4F-993F-94BE80CECF4A}.Debug|Mixed Platforms.Build.0 = Debug|x86
		{37BA0760-0C2C-4D4F-993F-94BE80CECF4A}.Debug|x86.ActiveCfg = Debug|x86
		{37BA0760-0C2C-4D4F-993F-94BE80CECF4A}.Debug|x86.Build.0 = Debug|x86
		{37BA0760-0C2C-4D4F-993F-94BE80CECF4A}.Release|Any CPU.ActiveCfg = Release|x86
		{37BA0760-0C2C-4D4F-993F-94BE80CECF4A}.Release|Any CPU.Build.0 = Release|x86
		{37BA0760-0C2C-4D4F-993F-94BE80CECF4A}.Release|Mixed Platforms.ActiveCfg = Release|x86
		{37BA0760-0C2C-4D4F-993F-94BE80CECF4A}.Release|Mixed Platforms.Build.0 = Release|x86
		{37BA0760-0C2C-4D4F-993F-94BE80CECF4A}.Release|x86.ActiveCfg = Release|x86
		{37BA0760-0C2C-4D4F-993F-94BE80CECF4A}.Release|x86.Build.0 = Release|x86
		{37BA0760-0C2C-4D4F-993F-94BE80CECF4B}.Debug|Any CPU.ActiveCfg = Debug|x86
		{37BA0760-0C2C-4D4F-993F-94BE80CECF4B}.Debug|Any CPU.Build.0 = Debug|x86
		{37BA0760-0C2C-4D4F-993F-94BE80CECF4B}.Debug|Mixed Platforms.ActiveCfg = Debug|x86
		{37BA0760-0C2C-4D4F-993F-94BE80CECF4B}.Debug|Mixed Platforms.Build.0 = Debug|x86
		{37BA0760-0C2C-4D4F-993F-94BE80CECF4B}.Debug|x86.ActiveCfg = Debug|x86
		{37BA0760-0C2C-4D4F-993F-94BE80CECF4B}.Debug|x86.Build.0 = Debug|x86
		{37BA0760-0C2C-4D4F-993F-94BE80CECF4B}.Release|Any CPU.ActiveCfg = Release|x86
		{37BA0760-0C2C-4D4F-993F-94BE80CECF4B}.Release|Any CPU.Build.0 = Release|x86
		{37BA0760-0C2C-4D4F-993F-94BE80CECF4B}.Release|Mixed Platforms.ActiveCfg = Release|x86
		{37BA0760-0C2C-4D4F-993F-94BE80CECF4B}.Release|Mixed Platforms.Build.0 = Release|x86
		{37BA0760-0C2C-4D4F-993F-94BE80CECF4B}.Release|x86.ActiveCfg = Release|x86
		{37BA0760-0C2C-4D4F-993F-94BE80CECF4B}.Release|x86.Build.0 = Release|x86
		{37BA0760-0C2C-4D4F-993F-94BE80CECF4C}.Debug|Any CPU.ActiveCfg = Debug|Any CPU
		{37BA0760-0C2C-4D4F-993F-94BE80CECF4C}.Debug|Any CPU.Build.0 = Debug|Any CPU
		{37BA0760-0C2C-4D4F-993F-94BE80CECF4C}.Debug|Mixed Platforms.ActiveCfg = Debug|Any CPU
		{37BA0760-0C2C-4D4F-993F-94BE80CECF4C}.Debug|Mixed Platforms.Build.0 = Debug|Any CPU
		{37BA0760-0C2C-4D4F-993F-94BE80CECF4C}.Debug|x86.ActiveCfg = Debug|Any CPU
		{37BA0760-0C2C-4D4F-993F-94BE80CECF4C}.Debug|x86.Build.0 = Debug|Any CPU
		{37BA0760-0C2C-4D4F-993F-94BE80CECF4C}.Release|Any CPU.ActiveCfg = Release|Any CPU
		{37BA0760-0C2C-4D4F-993F-94BE80CECF4C}.Release|Any CPU.Build.0 = Release|Any CPU
		{37BA0760-0C2C-4D4F-993F-94BE80CECF4C}.Release|Mixed Platforms.ActiveCfg = Release|Any CPU
		{37BA0760-0C2C-4D4F-993F-94BE80CECF4C}.Release|Mixed Platforms.Build.0 = Release|Any CPU
		{37BA0760-0C2C-4D4F-993F-94BE80CECF4C}.Release|x86.ActiveCfg = Release|Any CPU
		{37BA0760-0C2C-4D4F-993F-94BE80CECF4C}.Release|x86.Build.0 = Release|Any CPU
		{37BA0760-0C2C-4D4F-993F-94BE80CECF4D}.Debug|Any CPU.ActiveCfg = Debug|x86
		{37BA0760-0C2C-4D4F-993F-94BE80CECF4D}.Debug|Any CPU.Build.0 = Debug|x86
		{37BA0760-0C2C-4D4F-993F-94BE80CECF4D}.Debug|Mixed Platforms.ActiveCfg = Debug|x86
		{37BA0760-0C2C-4D4F-993F-94BE80CECF4D}.Debug|Mixed Platforms.Build.0 = Debug|x86
		{37BA0760-0C2C-4D4F-993F-94BE80CECF4D}.Debug|x86.ActiveCfg = Debug|x86
		{37BA0760-0C2C-4D4F-993F-94BE80CECF4D}.Debug|x86.Build.0 = Debug|x86
		{37BA0760-0C2C-4D4F-993F-94BE80CECF4D}.Release|Any CPU.ActiveCfg = Release|x86
		{37BA0760-0C2C-4D4F-993F-94BE80CECF4D}.Release|Any CPU.Build.0 = Release|x86
		{37BA0760-0C2C-4D4F-993F-94BE80CECF4D}.Release|Mixed Platforms.ActiveCfg = Release|x86
		{37BA0760-0C2C-4D4F-993F-94BE80CECF4D}.Release|Mixed Platforms.Build.0 = Release|x86
		{37BA0760-0C2C-4D4F-993F-94BE80CECF4D}.Release|x86.ActiveCfg = Release|x86
		{37BA0760-0C2C-4D4F-993F-94BE80CECF4D}.Release|x86.Build.0 = Release|x86
		{37BA0760-0C2C-4D4F-993F-94BE80CECF4E}.Debug|Any CPU.ActiveCfg = Debug|Any CPU
		{37BA0760-0C2C-4D4F-993F-94BE80CECF4E}.Debug|Any CPU.Build.0 = Debug|Any CPU
		{37BA0760-0C2C-4D4F-993F-94BE80CECF4E}.Debug|Mixed Platforms.ActiveCfg = Debug|Any CPU
		{37BA0760-0C2C-4D4F-993F-94BE80CECF4E}.Debug|Mixed Platforms.Build.0 = Debug|Any CPU
		{37BA0760-0C2C-4D4F-993F-94BE80CECF4E}.Debug|x86.ActiveCfg = Debug|Any CPU
		{37BA0760-0C2C-4D4F-993F-94BE80CECF4E}.Debug|x86.Build.0 = Debug|Any CPU
		{37BA0760-0C2C-4D4F-993F-94BE80CECF4E}.Release|Any CPU.ActiveCfg = Release|Any CPU
		{37BA0760-0C2C-4D4F-993F-94BE80CECF4E}.Release|Any CPU.Build.0 = Release|Any CPU
		{37BA0760-0C2C-4D4F-993F-94BE80CECF4E}.Release|Mixed Platforms.ActiveCfg = Release|Any CPU
		{37BA0760-0C2C-4D4F-993F-94BE80CECF4E}.Release|Mixed Platforms.Build.0 = Release|Any CPU
		{37BA0760-0C2C-4D4F-993F-94BE80CECF4E}.Release|x86.ActiveCfg = Release|Any CPU
		{37BA0760-0C2C-4D4F-993F-94BE80CECF4E}.Release|x86.Build.0 = Release|Any CPU
		{37BA0760-0C2C-4D4F-993F-94BE80CECF4F}.Debug|Any CPU.ActiveCfg = Debug|Any CPU
		{37BA0760-0C2C-4D4F-993F-94BE80CECF4F}.Debug|Any CPU.Build.0 = Debug|Any CPU
		{37BA0760-0C2C-4D4F-993F-94BE80CECF4F}.Debug|Mixed Platforms.ActiveCfg = Debug|Any CPU
		{37BA0760-0C2C-4D4F-993F-94BE80CECF4F}.Debug|Mixed Platforms.Build.0 = Debug|Any CPU
		{37BA0760-0C2C-4D4F-993F-94BE80CECF4F}.Debug|x86.ActiveCfg = Debug|Any CPU
		{37BA0760-0C2C-4D4F-993F-94BE80CECF4F}.Debug|x86.Build.0 = Debug|Any CPU
		{37BA0760-0C2C-4D4F-993F-94BE80CECF4F}.Release|Any CPU.ActiveCfg = Release|Any CPU
		{37BA0760-0C2C-4D4F-993F-94BE80CECF4F}.Release|Any CPU.Build.0 = Release|Any CPU
		{37BA0760-0C2C-4D4F-993F-94BE80CECF4F}.Release|Mixed Platforms.ActiveCfg = Release|Any CPU
		{37BA0760-0C2C-4D4F-993F-94BE80CECF4F}.Release|Mixed Platforms.Build.0 = Release|Any CPU
		{37BA0760-0C2C-4D4F-993F-94BE80CECF4F}.Release|x86.ActiveCfg = Release|Any CPU
		{37BA0760-0C2C-4D4F-993F-94BE80CECF4F}.Release|x86.Build.0 = Release|Any CPU
		{37BA0760-0C2C-4D4F-993F-94BE80CECF50}.Debug|Any CPU.ActiveCfg = Debug|x86
		{37BA0760-0C2C-4D4F-993F-94BE80CECF50}.Debug|Any CPU.Build.0 = Debug|x86
		{37BA0760-0C2C-4D4F-993F-94BE80CECF50}.Debug|Mixed Platforms.ActiveCfg = Debug|x86
		{37BA0760-0C2C-4D4F-993F-94BE80CECF50}.Debug|Mixed Platforms.Build.0 = Debug|x86
		{37BA0760-0C2C-4D4F-993F-94BE80CECF50}.Debug|x86.ActiveCfg = Debug|x86
		{37BA0760-0C2C-4D4F-993F-94BE80CECF50}.Debug|x86.Build.0 = Debug|x86
		{37BA0760-0C2C-4D4F-993F-94BE80CECF50}.Release|Any CPU.ActiveCfg = Release|x86
		{37BA0760-0C2C-4D4F-993F-94BE80CECF50}.Release|Any CPU.Build.0 = Release|x86
		{37BA0760-0C2C-4D4F-993F-94BE80CECF50}.Release|Mixed Platforms.ActiveCfg = Release|x86
		{37BA0760-0C2C-4D4F-993F-94BE80CECF50}.Release|Mixed Platforms.Build.0 = Release|x86
		{37BA0760-0C2C-4D4F-993F-94BE80CECF50}.Release|x86.ActiveCfg = Release|x86
		{37BA0760-0C2C-4D4F-993F-94BE80CECF50}.Release|x86.Build.0 = Release|x86
		{37BA0760-0C2C-4D4F-993F-94BE80CECF51}.Debug|Any CPU.ActiveCfg = Debug|x86
		{37BA0760-0C2C-4D4F-993F-94BE80CECF51}.Debug|Any CPU.Build.0 = Debug|x86
		{37BA0760-0C2C-4D4F-993F-94BE80CECF51}.Debug|Mixed Platforms.ActiveCfg = Debug|x86
		{37BA0760-0C2C-4D4F-993F-94BE80CECF51}.Debug|Mixed Platforms.Build.0 = Debug|x86
		{37BA0760-0C2C-4D4F-993F-94BE80CECF51}.Debug|x86.ActiveCfg = Debug|x86
		{37BA0760-0C2C-4D4F-993F-94BE80CECF51}.Debug|x86.Build.0 = Debug|x86
		{37BA0760-0C2C-4D4F-993F-94BE80CECF51}.Release|Any CPU.ActiveCfg = Release|x86
		{37BA0760-0C2C-4D4F-993F-94BE80CECF51}.Release|Any CPU.Build.0 = Release|x86
		{37BA0760-0C2C-4D4F-993F-94BE80CECF51}.Release|Mixed Platforms.ActiveCfg = Release|x86
		{37BA0760-0C2C-4D4F-993F-94BE80CECF51}.Release|Mixed Platforms.Build.0 = Release|x86
		{37BA0760-0C2C-4D4F-993F-94BE80CECF51}.Release|x86.ActiveCfg = Release|x86
		{37BA0760-0C2C-4D4F-993F-94BE80CECF51}.Release|x86.Build.0 = Release|x86
		{37BA0760-0C2C-4D4F-993F-94BE80CECF53}.Debug|Any CPU.ActiveCfg = Debug|x86
		{37BA0760-0C2C-4D4F-993F-94BE80CECF53}.Debug|Any CPU.Build.0 = Debug|x86
		{37BA0760-0C2C-4D4F-993F-94BE80CECF53}.Debug|Mixed Platforms.ActiveCfg = Debug|x86
		{37BA0760-0C2C-4D4F-993F-94BE80CECF53}.Debug|Mixed Platforms.Build.0 = Debug|x86
		{37BA0760-0C2C-4D4F-993F-94BE80CECF53}.Debug|x86.ActiveCfg = Debug|x86
		{37BA0760-0C2C-4D4F-993F-94BE80CECF53}.Debug|x86.Build.0 = Debug|x86
		{37BA0760-0C2C-4D4F-993F-94BE80CECF53}.Release|Any CPU.ActiveCfg = Release|x86
		{37BA0760-0C2C-4D4F-993F-94BE80CECF53}.Release|Any CPU.Build.0 = Release|x86
		{37BA0760-0C2C-4D4F-993F-94BE80CECF53}.Release|Mixed Platforms.ActiveCfg = Release|x86
		{37BA0760-0C2C-4D4F-993F-94BE80CECF53}.Release|Mixed Platforms.Build.0 = Release|x86
		{37BA0760-0C2C-4D4F-993F-94BE80CECF53}.Release|x86.ActiveCfg = Release|x86
		{37BA0760-0C2C-4D4F-993F-94BE80CECF53}.Release|x86.Build.0 = Release|x86
		{37BA0760-0C2C-4D4F-993F-94BE80CECF55}.Debug|Any CPU.ActiveCfg = Debug|x86
		{37BA0760-0C2C-4D4F-993F-94BE80CECF55}.Debug|Any CPU.Build.0 = Debug|x86
		{37BA0760-0C2C-4D4F-993F-94BE80CECF55}.Debug|Mixed Platforms.ActiveCfg = Debug|x86
		{37BA0760-0C2C-4D4F-993F-94BE80CECF55}.Debug|Mixed Platforms.Build.0 = Debug|x86
		{37BA0760-0C2C-4D4F-993F-94BE80CECF55}.Debug|x86.ActiveCfg = Debug|x86
		{37BA0760-0C2C-4D4F-993F-94BE80CECF55}.Debug|x86.Build.0 = Debug|x86
		{37BA0760-0C2C-4D4F-993F-94BE80CECF55}.Release|Any CPU.ActiveCfg = Release|x86
		{37BA0760-0C2C-4D4F-993F-94BE80CECF55}.Release|Any CPU.Build.0 = Release|x86
		{37BA0760-0C2C-4D4F-993F-94BE80CECF55}.Release|Mixed Platforms.ActiveCfg = Release|x86
		{37BA0760-0C2C-4D4F-993F-94BE80CECF55}.Release|Mixed Platforms.Build.0 = Release|x86
		{37BA0760-0C2C-4D4F-993F-94BE80CECF55}.Release|x86.ActiveCfg = Release|x86
		{37BA0760-0C2C-4D4F-993F-94BE80CECF55}.Release|x86.Build.0 = Release|x86
		{37BA0760-0C2C-4D4F-993F-94BE80CECF56}.Debug|Any CPU.ActiveCfg = Debug|x86
		{37BA0760-0C2C-4D4F-993F-94BE80CECF56}.Debug|Any CPU.Build.0 = Debug|x86
		{37BA0760-0C2C-4D4F-993F-94BE80CECF56}.Debug|Mixed Platforms.ActiveCfg = Debug|x86
		{37BA0760-0C2C-4D4F-993F-94BE80CECF56}.Debug|Mixed Platforms.Build.0 = Debug|x86
		{37BA0760-0C2C-4D4F-993F-94BE80CECF56}.Debug|x86.ActiveCfg = Debug|x86
		{37BA0760-0C2C-4D4F-993F-94BE80CECF56}.Debug|x86.Build.0 = Debug|x86
		{37BA0760-0C2C-4D4F-993F-94BE80CECF56}.Release|Any CPU.ActiveCfg = Release|x86
		{37BA0760-0C2C-4D4F-993F-94BE80CECF56}.Release|Any CPU.Build.0 = Release|x86
		{37BA0760-0C2C-4D4F-993F-94BE80CECF56}.Release|Mixed Platforms.ActiveCfg = Release|x86
		{37BA0760-0C2C-4D4F-993F-94BE80CECF56}.Release|Mixed Platforms.Build.0 = Release|x86
		{37BA0760-0C2C-4D4F-993F-94BE80CECF56}.Release|x86.ActiveCfg = Release|x86
		{37BA0760-0C2C-4D4F-993F-94BE80CECF56}.Release|x86.Build.0 = Release|x86
		{37BA0760-0C2C-4D4F-993F-94BE80CECF57}.Debug|Any CPU.ActiveCfg = Debug|x86
		{37BA0760-0C2C-4D4F-993F-94BE80CECF57}.Debug|Any CPU.Build.0 = Debug|x86
		{37BA0760-0C2C-4D4F-993F-94BE80CECF57}.Debug|Mixed Platforms.ActiveCfg = Debug|x86
		{37BA0760-0C2C-4D4F-993F-94BE80CECF57}.Debug|Mixed Platforms.Build.0 = Debug|x86
		{37BA0760-0C2C-4D4F-993F-94BE80CECF57}.Debug|x86.ActiveCfg = Debug|x86
		{37BA0760-0C2C-4D4F-993F-94BE80CECF57}.Debug|x86.Build.0 = Debug|x86
		{37BA0760-0C2C-4D4F-993F-94BE80CECF57}.Release|Any CPU.ActiveCfg = Release|x86
		{37BA0760-0C2C-4D4F-993F-94BE80CECF57}.Release|Any CPU.Build.0 = Release|x86
		{37BA0760-0C2C-4D4F-993F-94BE80CECF57}.Release|Mixed Platforms.ActiveCfg = Release|x86
		{37BA0760-0C2C-4D4F-993F-94BE80CECF57}.Release|Mixed Platforms.Build.0 = Release|x86
		{37BA0760-0C2C-4D4F-993F-94BE80CECF57}.Release|x86.ActiveCfg = Release|x86
		{37BA0760-0C2C-4D4F-993F-94BE80CECF57}.Release|x86.Build.0 = Release|x86
		{37BA0760-0C2C-4D4F-993F-94BE80CECF58}.Debug|Any CPU.ActiveCfg = Debug|x86
		{37BA0760-0C2C-4D4F-993F-94BE80CECF58}.Debug|Any CPU.Build.0 = Debug|x86
		{37BA0760-0C2C-4D4F-993F-94BE80CECF58}.Debug|Mixed Platforms.ActiveCfg = Debug|x86
		{37BA0760-0C2C-4D4F-993F-94BE80CECF58}.Debug|Mixed Platforms.Build.0 = Debug|x86
		{37BA0760-0C2C-4D4F-993F-94BE80CECF58}.Debug|x86.ActiveCfg = Debug|x86
		{37BA0760-0C2C-4D4F-993F-94BE80CECF58}.Debug|x86.Build.0 = Debug|x86
		{37BA0760-0C2C-4D4F-993F-94BE80CECF58}.Release|Any CPU.ActiveCfg = Release|x86
		{37BA0760-0C2C-4D4F-993F-94BE80CECF58}.Release|Any CPU.Build.0 = Release|x86
		{37BA0760-0C2C-4D4F-993F-94BE80CECF58}.Release|Mixed Platforms.ActiveCfg = Release|x86
		{37BA0760-0C2C-4D4F-993F-94BE80CECF58}.Release|Mixed Platforms.Build.0 = Release|x86
		{37BA0760-0C2C-4D4F-993F-94BE80CECF58}.Release|x86.ActiveCfg = Release|x86
		{37BA0760-0C2C-4D4F-993F-94BE80CECF58}.Release|x86.Build.0 = Release|x86
		{37BA0760-0C2C-4D4F-993F-94BE80CECF59}.Debug|Any CPU.ActiveCfg = Debug|x86
		{37BA0760-0C2C-4D4F-993F-94BE80CECF59}.Debug|Any CPU.Build.0 = Debug|x86
		{37BA0760-0C2C-4D4F-993F-94BE80CECF59}.Debug|Mixed Platforms.ActiveCfg = Debug|x86
		{37BA0760-0C2C-4D4F-993F-94BE80CECF59}.Debug|Mixed Platforms.Build.0 = Debug|x86
		{37BA0760-0C2C-4D4F-993F-94BE80CECF59}.Debug|x86.ActiveCfg = Debug|x86
		{37BA0760-0C2C-4D4F-993F-94BE80CECF59}.Debug|x86.Build.0 = Debug|x86
		{37BA0760-0C2C-4D4F-993F-94BE80CECF59}.Release|Any CPU.ActiveCfg = Release|x86
		{37BA0760-0C2C-4D4F-993F-94BE80CECF59}.Release|Any CPU.Build.0 = Release|x86
		{37BA0760-0C2C-4D4F-993F-94BE80CECF59}.Release|Mixed Platforms.ActiveCfg = Release|x86
		{37BA0760-0C2C-4D4F-993F-94BE80CECF59}.Release|Mixed Platforms.Build.0 = Release|x86
		{37BA0760-0C2C-4D4F-993F-94BE80CECF59}.Release|x86.ActiveCfg = Release|x86
		{37BA0760-0C2C-4D4F-993F-94BE80CECF59}.Release|x86.Build.0 = Release|x86
		{37BA0760-0C2C-4D4F-993F-94BE80CECF5A}.Debug|Any CPU.ActiveCfg = Debug|x86
		{37BA0760-0C2C-4D4F-993F-94BE80CECF5A}.Debug|Any CPU.Build.0 = Debug|x86
		{37BA0760-0C2C-4D4F-993F-94BE80CECF5A}.Debug|Mixed Platforms.ActiveCfg = Debug|x86
		{37BA0760-0C2C-4D4F-993F-94BE80CECF5A}.Debug|Mixed Platforms.Build.0 = Debug|x86
		{37BA0760-0C2C-4D4F-993F-94BE80CECF5A}.Debug|x86.ActiveCfg = Debug|x86
		{37BA0760-0C2C-4D4F-993F-94BE80CECF5A}.Debug|x86.Build.0 = Debug|x86
		{37BA0760-0C2C-4D4F-993F-94BE80CECF5A}.Release|Any CPU.ActiveCfg = Release|x86
		{37BA0760-0C2C-4D4F-993F-94BE80CECF5A}.Release|Any CPU.Build.0 = Release|x86
		{37BA0760-0C2C-4D4F-993F-94BE80CECF5A}.Release|Mixed Platforms.ActiveCfg = Release|x86
		{37BA0760-0C2C-4D4F-993F-94BE80CECF5A}.Release|Mixed Platforms.Build.0 = Release|x86
		{37BA0760-0C2C-4D4F-993F-94BE80CECF5A}.Release|x86.ActiveCfg = Release|x86
		{37BA0760-0C2C-4D4F-993F-94BE80CECF5A}.Release|x86.Build.0 = Release|x86
		{37BA0760-0C2C-4D4F-993F-94BE80CECF5B}.Debug|Any CPU.ActiveCfg = Debug|x86
		{37BA0760-0C2C-4D4F-993F-94BE80CECF5B}.Debug|Any CPU.Build.0 = Debug|x86
		{37BA0760-0C2C-4D4F-993F-94BE80CECF5B}.Debug|Mixed Platforms.ActiveCfg = Debug|x86
		{37BA0760-0C2C-4D4F-993F-94BE80CECF5B}.Debug|Mixed Platforms.Build.0 = Debug|x86
		{37BA0760-0C2C-4D4F-993F-94BE80CECF5B}.Debug|x86.ActiveCfg = Debug|x86
		{37BA0760-0C2C-4D4F-993F-94BE80CECF5B}.Debug|x86.Build.0 = Debug|x86
		{37BA0760-0C2C-4D4F-993F-94BE80CECF5B}.Release|Any CPU.ActiveCfg = Release|x86
		{37BA0760-0C2C-4D4F-993F-94BE80CECF5B}.Release|Any CPU.Build.0 = Release|x86
		{37BA0760-0C2C-4D4F-993F-94BE80CECF5B}.Release|Mixed Platforms.ActiveCfg = Release|x86
		{37BA0760-0C2C-4D4F-993F-94BE80CECF5B}.Release|Mixed Platforms.Build.0 = Release|x86
		{37BA0760-0C2C-4D4F-993F-94BE80CECF5B}.Release|x86.ActiveCfg = Release|x86
		{37BA0760-0C2C-4D4F-993F-94BE80CECF5B}.Release|x86.Build.0 = Release|x86
		{37BA0760-0C2C-4D4F-993F-94BE80CECF5C}.Debug|Any CPU.ActiveCfg = Debug|x86
		{37BA0760-0C2C-4D4F-993F-94BE80CECF5C}.Debug|Any CPU.Build.0 = Debug|x86
		{37BA0760-0C2C-4D4F-993F-94BE80CECF5C}.Debug|Mixed Platforms.ActiveCfg = Debug|x86
		{37BA0760-0C2C-4D4F-993F-94BE80CECF5C}.Debug|Mixed Platforms.Build.0 = Debug|x86
		{37BA0760-0C2C-4D4F-993F-94BE80CECF5C}.Debug|x86.ActiveCfg = Debug|x86
		{37BA0760-0C2C-4D4F-993F-94BE80CECF5C}.Debug|x86.Build.0 = Debug|x86
		{37BA0760-0C2C-4D4F-993F-94BE80CECF5C}.Release|Any CPU.ActiveCfg = Release|x86
		{37BA0760-0C2C-4D4F-993F-94BE80CECF5C}.Release|Any CPU.Build.0 = Release|x86
		{37BA0760-0C2C-4D4F-993F-94BE80CECF5C}.Release|Mixed Platforms.ActiveCfg = Release|x86
		{37BA0760-0C2C-4D4F-993F-94BE80CECF5C}.Release|Mixed Platforms.Build.0 = Release|x86
		{37BA0760-0C2C-4D4F-993F-94BE80CECF5C}.Release|x86.ActiveCfg = Release|x86
		{37BA0760-0C2C-4D4F-993F-94BE80CECF5C}.Release|x86.Build.0 = Release|x86
		{37BA0760-0C2C-4D4F-993F-94BE80CECF5D}.Debug|Any CPU.ActiveCfg = Debug|x86
		{37BA0760-0C2C-4D4F-993F-94BE80CECF5D}.Debug|Any CPU.Build.0 = Debug|x86
		{37BA0760-0C2C-4D4F-993F-94BE80CECF5D}.Debug|Mixed Platforms.ActiveCfg = Debug|x86
		{37BA0760-0C2C-4D4F-993F-94BE80CECF5D}.Debug|Mixed Platforms.Build.0 = Debug|x86
		{37BA0760-0C2C-4D4F-993F-94BE80CECF5D}.Debug|x86.ActiveCfg = Debug|x86
		{37BA0760-0C2C-4D4F-993F-94BE80CECF5D}.Debug|x86.Build.0 = Debug|x86
		{37BA0760-0C2C-4D4F-993F-94BE80CECF5D}.Release|Any CPU.ActiveCfg = Release|x86
		{37BA0760-0C2C-4D4F-993F-94BE80CECF5D}.Release|Any CPU.Build.0 = Release|x86
		{37BA0760-0C2C-4D4F-993F-94BE80CECF5D}.Release|Mixed Platforms.ActiveCfg = Release|x86
		{37BA0760-0C2C-4D4F-993F-94BE80CECF5D}.Release|Mixed Platforms.Build.0 = Release|x86
		{37BA0760-0C2C-4D4F-993F-94BE80CECF5D}.Release|x86.ActiveCfg = Release|x86
		{37BA0760-0C2C-4D4F-993F-94BE80CECF5D}.Release|x86.Build.0 = Release|x86
		{37BA0760-0C2C-4D4F-993F-94BE80CECF5F}.Debug|Any CPU.ActiveCfg = Debug|x86
		{37BA0760-0C2C-4D4F-993F-94BE80CECF5F}.Debug|Any CPU.Build.0 = Debug|x86
		{37BA0760-0C2C-4D4F-993F-94BE80CECF5F}.Debug|Mixed Platforms.ActiveCfg = Debug|x86
		{37BA0760-0C2C-4D4F-993F-94BE80CECF5F}.Debug|Mixed Platforms.Build.0 = Debug|x86
		{37BA0760-0C2C-4D4F-993F-94BE80CECF5F}.Debug|x86.ActiveCfg = Debug|x86
		{37BA0760-0C2C-4D4F-993F-94BE80CECF5F}.Debug|x86.Build.0 = Debug|x86
		{37BA0760-0C2C-4D4F-993F-94BE80CECF5F}.Release|Any CPU.ActiveCfg = Release|x86
		{37BA0760-0C2C-4D4F-993F-94BE80CECF5F}.Release|Any CPU.Build.0 = Release|x86
		{37BA0760-0C2C-4D4F-993F-94BE80CECF5F}.Release|Mixed Platforms.ActiveCfg = Release|x86
		{37BA0760-0C2C-4D4F-993F-94BE80CECF5F}.Release|Mixed Platforms.Build.0 = Release|x86
		{37BA0760-0C2C-4D4F-993F-94BE80CECF5F}.Release|x86.ActiveCfg = Release|x86
		{37BA0760-0C2C-4D4F-993F-94BE80CECF5F}.Release|x86.Build.0 = Release|x86
		{37BA0760-0C2C-4D4F-993F-94BE80CECF60}.Debug|Any CPU.ActiveCfg = Debug|x86
		{37BA0760-0C2C-4D4F-993F-94BE80CECF60}.Debug|Any CPU.Build.0 = Debug|x86
		{37BA0760-0C2C-4D4F-993F-94BE80CECF60}.Debug|Mixed Platforms.ActiveCfg = Debug|x86
		{37BA0760-0C2C-4D4F-993F-94BE80CECF60}.Debug|Mixed Platforms.Build.0 = Debug|x86
		{37BA0760-0C2C-4D4F-993F-94BE80CECF60}.Debug|x86.ActiveCfg = Debug|x86
		{37BA0760-0C2C-4D4F-993F-94BE80CECF60}.Debug|x86.Build.0 = Debug|x86
		{37BA0760-0C2C-4D4F-993F-94BE80CECF60}.Release|Any CPU.ActiveCfg = Release|x86
		{37BA0760-0C2C-4D4F-993F-94BE80CECF60}.Release|Any CPU.Build.0 = Release|x86
		{37BA0760-0C2C-4D4F-993F-94BE80CECF60}.Release|Mixed Platforms.ActiveCfg = Release|x86
		{37BA0760-0C2C-4D4F-993F-94BE80CECF60}.Release|Mixed Platforms.Build.0 = Release|x86
		{37BA0760-0C2C-4D4F-993F-94BE80CECF60}.Release|x86.ActiveCfg = Release|x86
		{37BA0760-0C2C-4D4F-993F-94BE80CECF60}.Release|x86.Build.0 = Release|x86
		{37BA0760-0C2C-4D4F-993F-94BE80CECF61}.Debug|Any CPU.ActiveCfg = Debug|x86
		{37BA0760-0C2C-4D4F-993F-94BE80CECF61}.Debug|Any CPU.Build.0 = Debug|x86
		{37BA0760-0C2C-4D4F-993F-94BE80CECF61}.Debug|Mixed Platforms.ActiveCfg = Debug|x86
		{37BA0760-0C2C-4D4F-993F-94BE80CECF61}.Debug|Mixed Platforms.Build.0 = Debug|x86
		{37BA0760-0C2C-4D4F-993F-94BE80CECF61}.Debug|x86.ActiveCfg = Debug|x86
		{37BA0760-0C2C-4D4F-993F-94BE80CECF61}.Debug|x86.Build.0 = Debug|x86
		{37BA0760-0C2C-4D4F-993F-94BE80CECF61}.Release|Any CPU.ActiveCfg = Release|x86
		{37BA0760-0C2C-4D4F-993F-94BE80CECF61}.Release|Any CPU.Build.0 = Release|x86
		{37BA0760-0C2C-4D4F-993F-94BE80CECF61}.Release|Mixed Platforms.ActiveCfg = Release|x86
		{37BA0760-0C2C-4D4F-993F-94BE80CECF61}.Release|Mixed Platforms.Build.0 = Release|x86
		{37BA0760-0C2C-4D4F-993F-94BE80CECF61}.Release|x86.ActiveCfg = Release|x86
		{37BA0760-0C2C-4D4F-993F-94BE80CECF61}.Release|x86.Build.0 = Release|x86
		{37BA0760-0C2C-4D4F-993F-94BE80CECF63}.Debug|Any CPU.ActiveCfg = Debug|x86
		{37BA0760-0C2C-4D4F-993F-94BE80CECF63}.Debug|Any CPU.Build.0 = Debug|x86
		{37BA0760-0C2C-4D4F-993F-94BE80CECF63}.Debug|Mixed Platforms.ActiveCfg = Debug|x86
		{37BA0760-0C2C-4D4F-993F-94BE80CECF63}.Debug|Mixed Platforms.Build.0 = Debug|x86
		{37BA0760-0C2C-4D4F-993F-94BE80CECF63}.Debug|x86.ActiveCfg = Debug|x86
		{37BA0760-0C2C-4D4F-993F-94BE80CECF63}.Debug|x86.Build.0 = Debug|x86
		{37BA0760-0C2C-4D4F-993F-94BE80CECF63}.Release|Any CPU.ActiveCfg = Release|x86
		{37BA0760-0C2C-4D4F-993F-94BE80CECF63}.Release|Any CPU.Build.0 = Release|x86
		{37BA0760-0C2C-4D4F-993F-94BE80CECF63}.Release|Mixed Platforms.ActiveCfg = Release|x86
		{37BA0760-0C2C-4D4F-993F-94BE80CECF63}.Release|Mixed Platforms.Build.0 = Release|x86
		{37BA0760-0C2C-4D4F-993F-94BE80CECF63}.Release|x86.ActiveCfg = Release|x86
		{37BA0760-0C2C-4D4F-993F-94BE80CECF63}.Release|x86.Build.0 = Release|x86
		{37BA0760-0C2C-4D4F-993F-94BE80CECF64}.Debug|Any CPU.ActiveCfg = Debug|x86
		{37BA0760-0C2C-4D4F-993F-94BE80CECF64}.Debug|Any CPU.Build.0 = Debug|x86
		{37BA0760-0C2C-4D4F-993F-94BE80CECF64}.Debug|Mixed Platforms.ActiveCfg = Debug|x86
		{37BA0760-0C2C-4D4F-993F-94BE80CECF64}.Debug|Mixed Platforms.Build.0 = Debug|x86
		{37BA0760-0C2C-4D4F-993F-94BE80CECF64}.Debug|x86.ActiveCfg = Debug|x86
		{37BA0760-0C2C-4D4F-993F-94BE80CECF64}.Debug|x86.Build.0 = Debug|x86
		{37BA0760-0C2C-4D4F-993F-94BE80CECF64}.Release|Any CPU.ActiveCfg = Release|x86
		{37BA0760-0C2C-4D4F-993F-94BE80CECF64}.Release|Any CPU.Build.0 = Release|x86
		{37BA0760-0C2C-4D4F-993F-94BE80CECF64}.Release|Mixed Platforms.ActiveCfg = Release|x86
		{37BA0760-0C2C-4D4F-993F-94BE80CECF64}.Release|Mixed Platforms.Build.0 = Release|x86
		{37BA0760-0C2C-4D4F-993F-94BE80CECF64}.Release|x86.ActiveCfg = Release|x86
		{37BA0760-0C2C-4D4F-993F-94BE80CECF64}.Release|x86.Build.0 = Release|x86
		{37BA0760-0C2C-4D4F-993F-94BE80CECF65}.Debug|Any CPU.ActiveCfg = Debug|x86
		{37BA0760-0C2C-4D4F-993F-94BE80CECF65}.Debug|Any CPU.Build.0 = Debug|x86
		{37BA0760-0C2C-4D4F-993F-94BE80CECF65}.Debug|Mixed Platforms.ActiveCfg = Debug|x86
		{37BA0760-0C2C-4D4F-993F-94BE80CECF65}.Debug|Mixed Platforms.Build.0 = Debug|x86
		{37BA0760-0C2C-4D4F-993F-94BE80CECF65}.Debug|x86.ActiveCfg = Debug|x86
		{37BA0760-0C2C-4D4F-993F-94BE80CECF65}.Debug|x86.Build.0 = Debug|x86
		{37BA0760-0C2C-4D4F-993F-94BE80CECF65}.Release|Any CPU.ActiveCfg = Release|x86
		{37BA0760-0C2C-4D4F-993F-94BE80CECF65}.Release|Any CPU.Build.0 = Release|x86
		{37BA0760-0C2C-4D4F-993F-94BE80CECF65}.Release|Mixed Platforms.ActiveCfg = Release|x86
		{37BA0760-0C2C-4D4F-993F-94BE80CECF65}.Release|Mixed Platforms.Build.0 = Release|x86
		{37BA0760-0C2C-4D4F-993F-94BE80CECF65}.Release|x86.ActiveCfg = Release|x86
		{37BA0760-0C2C-4D4F-993F-94BE80CECF65}.Release|x86.Build.0 = Release|x86
		{37BA0760-0C2C-4D4F-993F-94BE80CECF68}.Debug|Any CPU.ActiveCfg = Debug|x86
		{37BA0760-0C2C-4D4F-993F-94BE80CECF68}.Debug|Any CPU.Build.0 = Debug|x86
		{37BA0760-0C2C-4D4F-993F-94BE80CECF68}.Debug|Mixed Platforms.ActiveCfg = Debug|x86
		{37BA0760-0C2C-4D4F-993F-94BE80CECF68}.Debug|Mixed Platforms.Build.0 = Debug|x86
		{37BA0760-0C2C-4D4F-993F-94BE80CECF68}.Debug|x86.ActiveCfg = Debug|x86
		{37BA0760-0C2C-4D4F-993F-94BE80CECF68}.Debug|x86.Build.0 = Debug|x86
		{37BA0760-0C2C-4D4F-993F-94BE80CECF68}.Release|Any CPU.ActiveCfg = Release|x86
		{37BA0760-0C2C-4D4F-993F-94BE80CECF68}.Release|Any CPU.Build.0 = Release|x86
		{37BA0760-0C2C-4D4F-993F-94BE80CECF68}.Release|Mixed Platforms.ActiveCfg = Release|x86
		{37BA0760-0C2C-4D4F-993F-94BE80CECF68}.Release|Mixed Platforms.Build.0 = Release|x86
		{37BA0760-0C2C-4D4F-993F-94BE80CECF68}.Release|x86.ActiveCfg = Release|x86
		{37BA0760-0C2C-4D4F-993F-94BE80CECF68}.Release|x86.Build.0 = Release|x86
		{37BA0760-0C2C-4D4F-993F-94BE80CECF69}.Debug|Any CPU.ActiveCfg = Debug|x86
		{37BA0760-0C2C-4D4F-993F-94BE80CECF69}.Debug|Any CPU.Build.0 = Debug|x86
		{37BA0760-0C2C-4D4F-993F-94BE80CECF69}.Debug|Mixed Platforms.ActiveCfg = Debug|x86
		{37BA0760-0C2C-4D4F-993F-94BE80CECF69}.Debug|Mixed Platforms.Build.0 = Debug|x86
		{37BA0760-0C2C-4D4F-993F-94BE80CECF69}.Debug|x86.ActiveCfg = Debug|x86
		{37BA0760-0C2C-4D4F-993F-94BE80CECF69}.Debug|x86.Build.0 = Debug|x86
		{37BA0760-0C2C-4D4F-993F-94BE80CECF69}.Release|Any CPU.ActiveCfg = Release|x86
		{37BA0760-0C2C-4D4F-993F-94BE80CECF69}.Release|Any CPU.Build.0 = Release|x86
		{37BA0760-0C2C-4D4F-993F-94BE80CECF69}.Release|Mixed Platforms.ActiveCfg = Release|x86
		{37BA0760-0C2C-4D4F-993F-94BE80CECF69}.Release|Mixed Platforms.Build.0 = Release|x86
		{37BA0760-0C2C-4D4F-993F-94BE80CECF69}.Release|x86.ActiveCfg = Release|x86
		{37BA0760-0C2C-4D4F-993F-94BE80CECF69}.Release|x86.Build.0 = Release|x86
		{37BA0760-0C2C-4D4F-993F-94BE80CECF6B}.Debug|Any CPU.ActiveCfg = Debug|x86
		{37BA0760-0C2C-4D4F-993F-94BE80CECF6B}.Debug|Any CPU.Build.0 = Debug|x86
		{37BA0760-0C2C-4D4F-993F-94BE80CECF6B}.Debug|Mixed Platforms.ActiveCfg = Debug|x86
		{37BA0760-0C2C-4D4F-993F-94BE80CECF6B}.Debug|Mixed Platforms.Build.0 = Debug|x86
		{37BA0760-0C2C-4D4F-993F-94BE80CECF6B}.Debug|x86.ActiveCfg = Debug|x86
		{37BA0760-0C2C-4D4F-993F-94BE80CECF6B}.Debug|x86.Build.0 = Debug|x86
		{37BA0760-0C2C-4D4F-993F-94BE80CECF6B}.Release|Any CPU.ActiveCfg = Release|x86
		{37BA0760-0C2C-4D4F-993F-94BE80CECF6B}.Release|Any CPU.Build.0 = Release|x86
		{37BA0760-0C2C-4D4F-993F-94BE80CECF6B}.Release|Mixed Platforms.ActiveCfg = Release|x86
		{37BA0760-0C2C-4D4F-993F-94BE80CECF6B}.Release|Mixed Platforms.Build.0 = Release|x86
		{37BA0760-0C2C-4D4F-993F-94BE80CECF6B}.Release|x86.ActiveCfg = Release|x86
		{37BA0760-0C2C-4D4F-993F-94BE80CECF6B}.Release|x86.Build.0 = Release|x86
		{37BA0760-0C2C-4D4F-993F-94BE80CECF6C}.Debug|Any CPU.ActiveCfg = Debug|Any CPU
		{37BA0760-0C2C-4D4F-993F-94BE80CECF6C}.Debug|Any CPU.Build.0 = Debug|Any CPU
		{37BA0760-0C2C-4D4F-993F-94BE80CECF6C}.Debug|Mixed Platforms.ActiveCfg = Debug|Any CPU
		{37BA0760-0C2C-4D4F-993F-94BE80CECF6C}.Debug|Mixed Platforms.Build.0 = Debug|Any CPU
		{37BA0760-0C2C-4D4F-993F-94BE80CECF6C}.Debug|x86.ActiveCfg = Debug|Any CPU
		{37BA0760-0C2C-4D4F-993F-94BE80CECF6C}.Debug|x86.Build.0 = Debug|Any CPU
		{37BA0760-0C2C-4D4F-993F-94BE80CECF6C}.Release|Any CPU.ActiveCfg = Release|Any CPU
		{37BA0760-0C2C-4D4F-993F-94BE80CECF6C}.Release|Any CPU.Build.0 = Release|Any CPU
		{37BA0760-0C2C-4D4F-993F-94BE80CECF6C}.Release|Mixed Platforms.ActiveCfg = Release|Any CPU
		{37BA0760-0C2C-4D4F-993F-94BE80CECF6C}.Release|Mixed Platforms.Build.0 = Release|Any CPU
		{37BA0760-0C2C-4D4F-993F-94BE80CECF6C}.Release|x86.ActiveCfg = Release|Any CPU
		{37BA0760-0C2C-4D4F-993F-94BE80CECF6C}.Release|x86.Build.0 = Release|Any CPU
		{37BA0760-0C2C-4D4F-993F-94BE80CECF6D}.Debug|Any CPU.ActiveCfg = Debug|x86
		{37BA0760-0C2C-4D4F-993F-94BE80CECF6D}.Debug|Any CPU.Build.0 = Debug|x86
		{37BA0760-0C2C-4D4F-993F-94BE80CECF6D}.Debug|Mixed Platforms.ActiveCfg = Debug|x86
		{37BA0760-0C2C-4D4F-993F-94BE80CECF6D}.Debug|Mixed Platforms.Build.0 = Debug|x86
		{37BA0760-0C2C-4D4F-993F-94BE80CECF6D}.Debug|x86.ActiveCfg = Debug|x86
		{37BA0760-0C2C-4D4F-993F-94BE80CECF6D}.Debug|x86.Build.0 = Debug|x86
		{37BA0760-0C2C-4D4F-993F-94BE80CECF6D}.Release|Any CPU.ActiveCfg = Release|x86
		{37BA0760-0C2C-4D4F-993F-94BE80CECF6D}.Release|Any CPU.Build.0 = Release|x86
		{37BA0760-0C2C-4D4F-993F-94BE80CECF6D}.Release|Mixed Platforms.ActiveCfg = Release|x86
		{37BA0760-0C2C-4D4F-993F-94BE80CECF6D}.Release|Mixed Platforms.Build.0 = Release|x86
		{37BA0760-0C2C-4D4F-993F-94BE80CECF6D}.Release|x86.ActiveCfg = Release|x86
		{37BA0760-0C2C-4D4F-993F-94BE80CECF6D}.Release|x86.Build.0 = Release|x86
	EndGlobalSection
	GlobalSection(SolutionProperties) = preSolution
		HideSolutionNode = FALSE
	EndGlobalSection
EndGlobal
